// !$*UTF8*$!
{
	archiveVersion = 1;
	classes = {
	};
	objectVersion = 46;
	objects = {

/* Begin PBXBuildFile section */
		390A68B01B5791DD00EDCF5D /* main.m in Sources */ = {isa = PBXBuildFile; fileRef = 390A68AF1B5791DD00EDCF5D /* main.m */; };
		390A68B31B5791DD00EDCF5D /* AppDelegate.m in Sources */ = {isa = PBXBuildFile; fileRef = 390A68B21B5791DD00EDCF5D /* AppDelegate.m */; };
		390A68B61B5791DD00EDCF5D /* ViewController.m in Sources */ = {isa = PBXBuildFile; fileRef = 390A68B51B5791DD00EDCF5D /* ViewController.m */; };
		390A68B91B5791DD00EDCF5D /* Main.storyboard in Resources */ = {isa = PBXBuildFile; fileRef = 390A68B71B5791DD00EDCF5D /* Main.storyboard */; };
		390A68BB1B5791DD00EDCF5D /* Images.xcassets in Resources */ = {isa = PBXBuildFile; fileRef = 390A68BA1B5791DD00EDCF5D /* Images.xcassets */; };
		390A68BE1B5791DD00EDCF5D /* LaunchScreen.xib in Resources */ = {isa = PBXBuildFile; fileRef = 390A68BC1B5791DD00EDCF5D /* LaunchScreen.xib */; };
		390A68CA1B5791DD00EDCF5D /* HelloTests.m in Sources */ = {isa = PBXBuildFile; fileRef = 390A68C91B5791DD00EDCF5D /* HelloTests.m */; };
/* End PBXBuildFile section */

/* Begin PBXContainerItemProxy section */
		390A68C41B5791DD00EDCF5D /* PBXContainerItemProxy */ = {
			isa = PBXContainerItemProxy;
			containerPortal = 390A68A21B5791DD00EDCF5D /* Project object */;
			proxyType = 1;
			remoteGlobalIDString = 390A68A91B5791DD00EDCF5D;
			remoteInfo = Hello;
		};
/* End PBXContainerItemProxy section */

/* Begin PBXFileReference section */
		390A68AA1B5791DD00EDCF5D /* Hello.app */ = {isa = PBXFileReference; explicitFileType = wrapper.application; includeInIndex = 0; path = Hello.app; sourceTree = BUILT_PRODUCTS_DIR; };
		390A68AE1B5791DD00EDCF5D /* Info.plist */ = {isa = PBXFileReference; lastKnownFileType = text.plist.xml; path = Info.plist; sourceTree = "<group>"; };
		390A68AF1B5791DD00EDCF5D /* main.m */ = {isa = PBXFileReference; lastKnownFileType = sourcecode.c.objc; path = main.m; sourceTree = "<group>"; };
		390A68B11B5791DD00EDCF5D /* AppDelegate.h */ = {isa = PBXFileReference; lastKnownFileType = sourcecode.c.h; path = AppDelegate.h; sourceTree = "<group>"; };
		390A68B21B5791DD00EDCF5D /* AppDelegate.m */ = {isa = PBXFileReference; lastKnownFileType = sourcecode.c.objc; path = AppDelegate.m; sourceTree = "<group>"; };
		390A68B41B5791DD00EDCF5D /* ViewController.h */ = {isa = PBXFileReference; lastKnownFileType = sourcecode.c.h; path = ViewController.h; sourceTree = "<group>"; };
		390A68B51B5791DD00EDCF5D /* ViewController.m */ = {isa = PBXFileReference; lastKnownFileType = sourcecode.c.objc; path = ViewController.m; sourceTree = "<group>"; };
		390A68B81B5791DD00EDCF5D /* Base */ = {isa = PBXFileReference; lastKnownFileType = file.storyboard; name = Base; path = Base.lproj/Main.storyboard; sourceTree = "<group>"; };
		390A68BA1B5791DD00EDCF5D /* Images.xcassets */ = {isa = PBXFileReference; lastKnownFileType = folder.assetcatalog; path = Images.xcassets; sourceTree = "<group>"; };
		390A68BD1B5791DD00EDCF5D /* Base */ = {isa = PBXFileReference; lastKnownFileType = file.xib; name = Base; path = Base.lproj/LaunchScreen.xib; sourceTree = "<group>"; };
		390A68C31B5791DD00EDCF5D /* HelloTests.xctest */ = {isa = PBXFileReference; explicitFileType = wrapper.cfbundle; includeInIndex = 0; path = HelloTests.xctest; sourceTree = BUILT_PRODUCTS_DIR; };
		390A68C81B5791DD00EDCF5D /* Info.plist */ = {isa = PBXFileReference; lastKnownFileType = text.plist.xml; path = Info.plist; sourceTree = "<group>"; };
		390A68C91B5791DD00EDCF5D /* HelloTests.m */ = {isa = PBXFileReference; lastKnownFileType = sourcecode.c.objc; path = HelloTests.m; sourceTree = "<group>"; };
/* End PBXFileReference section */

/* Begin PBXFrameworksBuildPhase section */
		390A68A71B5791DD00EDCF5D /* Frameworks */ = {
			isa = PBXFrameworksBuildPhase;
			buildActionMask = 2147483647;
			files = (
			);
			runOnlyForDeploymentPostprocessing = 0;
		};
		390A68C01B5791DD00EDCF5D /* Frameworks */ = {
			isa = PBXFrameworksBuildPhase;
			buildActionMask = 2147483647;
			files = (
			);
			runOnlyForDeploymentPostprocessing = 0;
		};
/* End PBXFrameworksBuildPhase section */

/* Begin PBXGroup section */
		390A68A11B5791DD00EDCF5D = {
			isa = PBXGroup;
			children = (
				390A68AC1B5791DD00EDCF5D /* Hello */,
				390A68C61B5791DD00EDCF5D /* HelloTests */,
				390A68AB1B5791DD00EDCF5D /* Products */,
			);
			sourceTree = "<group>";
		};
		390A68AB1B5791DD00EDCF5D /* Products */ = {
			isa = PBXGroup;
			children = (
				390A68AA1B5791DD00EDCF5D /* Hello.app */,
				390A68C31B5791DD00EDCF5D /* HelloTests.xctest */,
			);
			name = Products;
			sourceTree = "<group>";
		};
		390A68AC1B5791DD00EDCF5D /* Hello */ = {
			isa = PBXGroup;
			children = (
				390A68B11B5791DD00EDCF5D /* AppDelegate.h */,
				390A68B21B5791DD00EDCF5D /* AppDelegate.m */,
				390A68B41B5791DD00EDCF5D /* ViewController.h */,
				390A68B51B5791DD00EDCF5D /* ViewController.m */,
				390A68B71B5791DD00EDCF5D /* Main.storyboard */,
				390A68BA1B5791DD00EDCF5D /* Images.xcassets */,
				390A68BC1B5791DD00EDCF5D /* LaunchScreen.xib */,
				390A68AD1B5791DD00EDCF5D /* Supporting Files */,
			);
			path = Hello;
			sourceTree = "<group>";
		};
		390A68AD1B5791DD00EDCF5D /* Supporting Files */ = {
			isa = PBXGroup;
			children = (
				390A68AE1B5791DD00EDCF5D /* Info.plist */,
				390A68AF1B5791DD00EDCF5D /* main.m */,
			);
			name = "Supporting Files";
			sourceTree = "<group>";
		};
		390A68C61B5791DD00EDCF5D /* HelloTests */ = {
			isa = PBXGroup;
			children = (
				390A68C91B5791DD00EDCF5D /* HelloTests.m */,
				390A68C71B5791DD00EDCF5D /* Supporting Files */,
			);
			path = HelloTests;
			sourceTree = "<group>";
		};
		390A68C71B5791DD00EDCF5D /* Supporting Files */ = {
			isa = PBXGroup;
			children = (
				390A68C81B5791DD00EDCF5D /* Info.plist */,
			);
			name = "Supporting Files";
			sourceTree = "<group>";
		};
/* End PBXGroup section */

/* Begin PBXNativeTarget section */
		390A68A91B5791DD00EDCF5D /* Hello */ = {
			isa = PBXNativeTarget;
			buildConfigurationList = 390A68CD1B5791DD00EDCF5D /* Build configuration list for PBXNativeTarget "Hello" */;
			buildPhases = (
				390A68A61B5791DD00EDCF5D /* Sources */,
				390A68A71B5791DD00EDCF5D /* Frameworks */,
				390A68A81B5791DD00EDCF5D /* Resources */,
			);
			buildRules = (
			);
			dependencies = (
			);
			name = Hello;
			productName = Hello;
			productReference = 390A68AA1B5791DD00EDCF5D /* Hello.app */;
			productType = "com.apple.product-type.application";
		};
		390A68C21B5791DD00EDCF5D /* HelloTests */ = {
			isa = PBXNativeTarget;
			buildConfigurationList = 390A68D01B5791DD00EDCF5D /* Build configuration list for PBXNativeTarget "HelloTests" */;
			buildPhases = (
				390A68BF1B5791DD00EDCF5D /* Sources */,
				390A68C01B5791DD00EDCF5D /* Frameworks */,
				390A68C11B5791DD00EDCF5D /* Resources */,
			);
			buildRules = (
			);
			dependencies = (
				390A68C51B5791DD00EDCF5D /* PBXTargetDependency */,
			);
			name = HelloTests;
			productName = HelloTests;
			productReference = 390A68C31B5791DD00EDCF5D /* HelloTests.xctest */;
			productType = "com.apple.product-type.bundle.unit-test";
		};
/* End PBXNativeTarget section */

/* Begin PBXProject section */
		390A68A21B5791DD00EDCF5D /* Project object */ = {
			isa = PBXProject;
			attributes = {
				LastUpgradeCheck = 0640;
				ORGANIZATIONNAME = TTS;
				TargetAttributes = {
					390A68A91B5791DD00EDCF5D = {
						CreatedOnToolsVersion = 6.4;
					};
					390A68C21B5791DD00EDCF5D = {
						CreatedOnToolsVersion = 6.4;
						TestTargetID = 390A68A91B5791DD00EDCF5D;
					};
				};
			};
			buildConfigurationList = 390A68A51B5791DD00EDCF5D /* Build configuration list for PBXProject "Hello" */;
			compatibilityVersion = "Xcode 3.2";
			developmentRegion = English;
			hasScannedForEncodings = 0;
			knownRegions = (
				en,
				Base,
			);
			mainGroup = 390A68A11B5791DD00EDCF5D;
			productRefGroup = 390A68AB1B5791DD00EDCF5D /* Products */;
			projectDirPath = "";
			projectRoot = "";
			targets = (
				390A68A91B5791DD00EDCF5D /* Hello */,
				390A68C21B5791DD00EDCF5D /* HelloTests */,
			);
		};
/* End PBXProject section */

/* Begin PBXResourcesBuildPhase section */
		390A68A81B5791DD00EDCF5D /* Resources */ = {
			isa = PBXResourcesBuildPhase;
			buildActionMask = 2147483647;
			files = (
				390A68B91B5791DD00EDCF5D /* Main.storyboard in Resources */,
				390A68BE1B5791DD00EDCF5D /* LaunchScreen.xib in Resources */,
				390A68BB1B5791DD00EDCF5D /* Images.xcassets in Resources */,
			);
			runOnlyForDeploymentPostprocessing = 0;
		};
		390A68C11B5791DD00EDCF5D /* Resources */ = {
			isa = PBXResourcesBuildPhase;
			buildActionMask = 2147483647;
			files = (
			);
			runOnlyForDeploymentPostprocessing = 0;
		};
/* End PBXResourcesBuildPhase section */

/* Begin PBXSourcesBuildPhase section */
		390A68A61B5791DD00EDCF5D /* Sources */ = {
			isa = PBXSourcesBuildPhase;
			buildActionMask = 2147483647;
			files = (
				390A68B61B5791DD00EDCF5D /* ViewController.m in Sources */,
				390A68B31B5791DD00EDCF5D /* AppDelegate.m in Sources */,
				390A68B01B5791DD00EDCF5D /* main.m in Sources */,
			);
			runOnlyForDeploymentPostprocessing = 0;
		};
		390A68BF1B5791DD00EDCF5D /* Sources */ = {
			isa = PBXSourcesBuildPhase;
			buildActionMask = 2147483647;
			files = (
				390A68CA1B5791DD00EDCF5D /* HelloTests.m in Sources */,
			);
			runOnlyForDeploymentPostprocessing = 0;
		};
/* End PBXSourcesBuildPhase section */

/* Begin PBXTargetDependency section */
		390A68C51B5791DD00EDCF5D /* PBXTargetDependency */ = {
			isa = PBXTargetDependency;
			target = 390A68A91B5791DD00EDCF5D /* Hello */;
			targetProxy = 390A68C41B5791DD00EDCF5D /* PBXContainerItemProxy */;
		};
/* End PBXTargetDependency section */

/* Begin PBXVariantGroup section */
		390A68B71B5791DD00EDCF5D /* Main.storyboard */ = {
			isa = PBXVariantGroup;
			children = (
				390A68B81B5791DD00EDCF5D /* Base */,
			);
			name = Main.storyboard;
			sourceTree = "<group>";
		};
		390A68BC1B5791DD00EDCF5D /* LaunchScreen.xib */ = {
			isa = PBXVariantGroup;
			children = (
				390A68BD1B5791DD00EDCF5D /* Base */,
			);
			name = LaunchScreen.xib;
			sourceTree = "<group>";
		};
/* End PBXVariantGroup section */

/* Begin XCBuildConfiguration section */
		390A68CB1B5791DD00EDCF5D /* Debug */ = {
			isa = XCBuildConfiguration;
			buildSettings = {
				ALWAYS_SEARCH_USER_PATHS = NO;
				CLANG_CXX_LANGUAGE_STANDARD = "gnu++0x";
				CLANG_CXX_LIBRARY = "libc++";
				CLANG_ENABLE_MODULES = YES;
				CLANG_ENABLE_OBJC_ARC = YES;
				CLANG_WARN_BOOL_CONVERSION = YES;
				CLANG_WARN_CONSTANT_CONVERSION = YES;
				CLANG_WARN_DIRECT_OBJC_ISA_USAGE = YES_ERROR;
				CLANG_WARN_EMPTY_BODY = YES;
				CLANG_WARN_ENUM_CONVERSION = YES;
				CLANG_WARN_INT_CONVERSION = YES;
				CLANG_WARN_OBJC_ROOT_CLASS = YES_ERROR;
				CLANG_WARN_UNREACHABLE_CODE = YES;
				CLANG_WARN__DUPLICATE_METHOD_MATCH = YES;
				"CODE_SIGN_IDENTITY[sdk=iphoneos*]" = "iPhone Developer";
				COPY_PHASE_STRIP = NO;
				DEBUG_INFORMATION_FORMAT = "dwarf-with-dsym";
				ENABLE_STRICT_OBJC_MSGSEND = YES;
				GCC_C_LANGUAGE_STANDARD = gnu99;
				GCC_DYNAMIC_NO_PIC = NO;
				GCC_NO_COMMON_BLOCKS = YES;
				GCC_OPTIMIZATION_LEVEL = 0;
				GCC_PREPROCESSOR_DEFINITIONS = (
					"DEBUG=1",
					"$(inherited)",
				);
				GCC_SYMBOLS_PRIVATE_EXTERN = NO;
				GCC_WARN_64_TO_32_BIT_CONVERSION = YES;
				GCC_WARN_ABOUT_RETURN_TYPE = YES_ERROR;
				GCC_WARN_UNDECLARED_SELECTOR = YES;
				GCC_WARN_UNINITIALIZED_AUTOS = YES_AGGRESSIVE;
				GCC_WARN_UNUSED_FUNCTION = YES;
				GCC_WARN_UNUSED_VARIABLE = YES;
				IPHONEOS_DEPLOYMENT_TARGET = 8.4;
				MTL_ENABLE_DEBUG_INFO = YES;
				ONLY_ACTIVE_ARCH = YES;
				SDKROOT = iphoneos;
				TARGETED_DEVICE_FAMILY = "1,2";
			};
			name = Debug;
		};
		390A68CC1B5791DD00EDCF5D /* Release */ = {
			isa = XCBuildConfiguration;
			buildSettings = {
				ALWAYS_SEARCH_USER_PATHS = NO;
				CLANG_CXX_LANGUAGE_STANDARD = "gnu++0x";
				CLANG_CXX_LIBRARY = "libc++";
				CLANG_ENABLE_MODULES = YES;
				CLANG_ENABLE_OBJC_ARC = YES;
				CLANG_WARN_BOOL_CONVERSION = YES;
				CLANG_WARN_CONSTANT_CONVERSION = YES;
				CLANG_WARN_DIRECT_OBJC_ISA_USAGE = YES_ERROR;
				CLANG_WARN_EMPTY_BODY = YES;
				CLANG_WARN_ENUM_CONVERSION = YES;
				CLANG_WARN_INT_CONVERSION = YES;
				CLANG_WARN_OBJC_ROOT_CLASS = YES_ERROR;
				CLANG_WARN_UNREACHABLE_CODE = YES;
				CLANG_WARN__DUPLICATE_METHOD_MATCH = YES;
				"CODE_SIGN_IDENTITY[sdk=iphoneos*]" = "iPhone Developer";
				COPY_PHASE_STRIP = NO;
				DEBUG_INFORMATION_FORMAT = "dwarf-with-dsym";
				ENABLE_NS_ASSERTIONS = NO;
				ENABLE_STRICT_OBJC_MSGSEND = YES;
				GCC_C_LANGUAGE_STANDARD = gnu99;
				GCC_NO_COMMON_BLOCKS = YES;
				GCC_WARN_64_TO_32_BIT_CONVERSION = YES;
				GCC_WARN_ABOUT_RETURN_TYPE = YES_ERROR;
				GCC_WARN_UNDECLARED_SELECTOR = YES;
				GCC_WARN_UNINITIALIZED_AUTOS = YES_AGGRESSIVE;
				GCC_WARN_UNUSED_FUNCTION = YES;
				GCC_WARN_UNUSED_VARIABLE = YES;
				IPHONEOS_DEPLOYMENT_TARGET = 8.4;
				MTL_ENABLE_DEBUG_INFO = NO;
				SDKROOT = iphoneos;
				TARGETED_DEVICE_FAMILY = "1,2";
				VALIDATE_PRODUCT = YES;
			};
			name = Release;
		};
		390A68CE1B5791DD00EDCF5D /* Debug */ = {
			isa = XCBuildConfiguration;
			buildSettings = {
				ASSETCATALOG_COMPILER_APPICON_NAME = AppIcon;
				INFOPLIST_FILE = Hello/Info.plist;
				LD_RUNPATH_SEARCH_PATHS = "$(inherited) @executable_path/Frameworks";
				PRODUCT_NAME = "$(TARGET_NAME)";
			};
			name = Debug;
		};
		390A68CF1B5791DD00EDCF5D /* Release */ = {
			isa = XCBuildConfiguration;
			buildSettings = {
				ASSETCATALOG_COMPILER_APPICON_NAME = AppIcon;
				INFOPLIST_FILE = Hello/Info.plist;
				LD_RUNPATH_SEARCH_PATHS = "$(inherited) @executable_path/Frameworks";
				PRODUCT_NAME = "$(TARGET_NAME)";
			};
			name = Release;
		};
		390A68D11B5791DD00EDCF5D /* Debug */ = {
			isa = XCBuildConfiguration;
			buildSettings = {
				BUNDLE_LOADER = "$(TEST_HOST)";
				FRAMEWORK_SEARCH_PATHS = (
					"$(SDKROOT)/Developer/Library/Frameworks",
					"$(inherited)",
				);
				GCC_PREPROCESSOR_DEFINITIONS = (
					"DEBUG=1",
					"$(inherited)",
				);
				INFOPLIST_FILE = HelloTests/Info.plist;
				LD_RUNPATH_SEARCH_PATHS = "$(inherited) @executable_path/Frameworks @loader_path/Frameworks";
				PRODUCT_NAME = "$(TARGET_NAME)";
				TEST_HOST = "$(BUILT_PRODUCTS_DIR)/Hello.app/Hello";
			};
			name = Debug;
		};
		390A68D21B5791DD00EDCF5D /* Release */ = {
			isa = XCBuildConfiguration;
			buildSettings = {
				BUNDLE_LOADER = "$(TEST_HOST)";
				FRAMEWORK_SEARCH_PATHS = (
					"$(SDKROOT)/Developer/Library/Frameworks",
					"$(inherited)",
				);
				INFOPLIST_FILE = HelloTests/Info.plist;
				LD_RUNPATH_SEARCH_PATHS = "$(inherited) @executable_path/Frameworks @loader_path/Frameworks";
				PRODUCT_NAME = "$(TARGET_NAME)";
				TEST_HOST = "$(BUILT_PRODUCTS_DIR)/Hello.app/Hello";
			};
			name = Release;
		};
/* End XCBuildConfiguration section */

/* Begin XCConfigurationList section */
		390A68A51B5791DD00EDCF5D /* Build configuration list for PBXProject "Hello" */ = {
			isa = XCConfigurationList;
			buildConfigurations = (
				390A68CB1B5791DD00EDCF5D /* Debug */,
				390A68CC1B5791DD00EDCF5D /* Release */,
			);
			defaultConfigurationIsVisible = 0;
			defaultConfigurationName = Release;
		};
		390A68CD1B5791DD00EDCF5D /* Build configuration list for PBXNativeTarget "Hello" */ = {
			isa = XCConfigurationList;
			buildConfigurations = (
				390A68CE1B5791DD00EDCF5D /* Debug */,
				390A68CF1B5791DD00EDCF5D /* Release */,
			);
			defaultConfigurationIsVisible = 0;
		};
		390A68D01B5791DD00EDCF5D /* Build configuration list for PBXNativeTarget "HelloTests" */ = {
			isa = XCConfigurationList;
			buildConfigurations = (
				390A68D11B5791DD00EDCF5D /* Debug */,
				390A68D21B5791DD00EDCF5D /* Release */,
			);
			defaultConfigurationIsVisible = 0;
		};
/* End XCConfigurationList section */
	};
	rootObject = 390A68A21B5791DD00EDCF5D /* Project object */;
}
