// !$*UTF8*$!
{
	archiveVersion = 1;
	classes = {
	};
	objectVersion = 46;
	objects = {

/* Begin PBXBuildFile section */
		396D9DB11B588A51004810BC /* main.m in Sources */ = {isa = PBXBuildFile; fileRef = 396D9DB01B588A51004810BC /* main.m */; };
		396D9DB41B588A51004810BC /* AppDelegate.m in Sources */ = {isa = PBXBuildFile; fileRef = 396D9DB31B588A51004810BC /* AppDelegate.m */; };
		396D9DB71B588A52004810BC /* ViewController.m in Sources */ = {isa = PBXBuildFile; fileRef = 396D9DB61B588A52004810BC /* ViewController.m */; };
		396D9DBA1B588A52004810BC /* Main.storyboard in Resources */ = {isa = PBXBuildFile; fileRef = 396D9DB81B588A52004810BC /* Main.storyboard */; };
		396D9DBC1B588A52004810BC /* Images.xcassets in Resources */ = {isa = PBXBuildFile; fileRef = 396D9DBB1B588A52004810BC /* Images.xcassets */; };
		396D9DBF1B588A52004810BC /* LaunchScreen.xib in Resources */ = {isa = PBXBuildFile; fileRef = 396D9DBD1B588A52004810BC /* LaunchScreen.xib */; };
		396D9DCB1B588A52004810BC /* loginTests.m in Sources */ = {isa = PBXBuildFile; fileRef = 396D9DCA1B588A52004810BC /* loginTests.m */; };
/* End PBXBuildFile section */

/* Begin PBXContainerItemProxy section */
		396D9DC51B588A52004810BC /* PBXContainerItemProxy */ = {
			isa = PBXContainerItemProxy;
			containerPortal = 396D9DA31B588A51004810BC /* Project object */;
			proxyType = 1;
			remoteGlobalIDString = 396D9DAA1B588A51004810BC;
			remoteInfo = login;
		};
/* End PBXContainerItemProxy section */

/* Begin PBXFileReference section */
		396D9DAB1B588A51004810BC /* login.app */ = {isa = PBXFileReference; explicitFileType = wrapper.application; includeInIndex = 0; path = login.app; sourceTree = BUILT_PRODUCTS_DIR; };
		396D9DAF1B588A51004810BC /* Info.plist */ = {isa = PBXFileReference; lastKnownFileType = text.plist.xml; path = Info.plist; sourceTree = "<group>"; };
		396D9DB01B588A51004810BC /* main.m */ = {isa = PBXFileReference; lastKnownFileType = sourcecode.c.objc; path = main.m; sourceTree = "<group>"; };
		396D9DB21B588A51004810BC /* AppDelegate.h */ = {isa = PBXFileReference; lastKnownFileType = sourcecode.c.h; path = AppDelegate.h; sourceTree = "<group>"; };
		396D9DB31B588A51004810BC /* AppDelegate.m */ = {isa = PBXFileReference; lastKnownFileType = sourcecode.c.objc; path = AppDelegate.m; sourceTree = "<group>"; };
		396D9DB51B588A51004810BC /* ViewController.h */ = {isa = PBXFileReference; lastKnownFileType = sourcecode.c.h; path = ViewController.h; sourceTree = "<group>"; };
		396D9DB61B588A52004810BC /* ViewController.m */ = {isa = PBXFileReference; lastKnownFileType = sourcecode.c.objc; path = ViewController.m; sourceTree = "<group>"; };
		396D9DB91B588A52004810BC /* Base */ = {isa = PBXFileReference; lastKnownFileType = file.storyboard; name = Base; path = Base.lproj/Main.storyboard; sourceTree = "<group>"; };
		396D9DBB1B588A52004810BC /* Images.xcassets */ = {isa = PBXFileReference; lastKnownFileType = folder.assetcatalog; path = Images.xcassets; sourceTree = "<group>"; };
		396D9DBE1B588A52004810BC /* Base */ = {isa = PBXFileReference; lastKnownFileType = file.xib; name = Base; path = Base.lproj/LaunchScreen.xib; sourceTree = "<group>"; };
		396D9DC41B588A52004810BC /* loginTests.xctest */ = {isa = PBXFileReference; explicitFileType = wrapper.cfbundle; includeInIndex = 0; path = loginTests.xctest; sourceTree = BUILT_PRODUCTS_DIR; };
		396D9DC91B588A52004810BC /* Info.plist */ = {isa = PBXFileReference; lastKnownFileType = text.plist.xml; path = Info.plist; sourceTree = "<group>"; };
		396D9DCA1B588A52004810BC /* loginTests.m */ = {isa = PBXFileReference; lastKnownFileType = sourcecode.c.objc; path = loginTests.m; sourceTree = "<group>"; };
/* End PBXFileReference section */

/* Begin PBXFrameworksBuildPhase section */
		396D9DA81B588A51004810BC /* Frameworks */ = {
			isa = PBXFrameworksBuildPhase;
			buildActionMask = 2147483647;
			files = (
			);
			runOnlyForDeploymentPostprocessing = 0;
		};
		396D9DC11B588A52004810BC /* Frameworks */ = {
			isa = PBXFrameworksBuildPhase;
			buildActionMask = 2147483647;
			files = (
			);
			runOnlyForDeploymentPostprocessing = 0;
		};
/* End PBXFrameworksBuildPhase section */

/* Begin PBXGroup section */
		396D9DA21B588A51004810BC = {
			isa = PBXGroup;
			children = (
				396D9DAD1B588A51004810BC /* login */,
				396D9DC71B588A52004810BC /* loginTests */,
				396D9DAC1B588A51004810BC /* Products */,
			);
			sourceTree = "<group>";
		};
		396D9DAC1B588A51004810BC /* Products */ = {
			isa = PBXGroup;
			children = (
				396D9DAB1B588A51004810BC /* login.app */,
				396D9DC41B588A52004810BC /* loginTests.xctest */,
			);
			name = Products;
			sourceTree = "<group>";
		};
		396D9DAD1B588A51004810BC /* login */ = {
			isa = PBXGroup;
			children = (
				396D9DB21B588A51004810BC /* AppDelegate.h */,
				396D9DB31B588A51004810BC /* AppDelegate.m */,
				396D9DB51B588A51004810BC /* ViewController.h */,
				396D9DB61B588A52004810BC /* ViewController.m */,
				396D9DB81B588A52004810BC /* Main.storyboard */,
				396D9DBB1B588A52004810BC /* Images.xcassets */,
				396D9DBD1B588A52004810BC /* LaunchScreen.xib */,
				396D9DAE1B588A51004810BC /* Supporting Files */,
			);
			path = login;
			sourceTree = "<group>";
		};
		396D9DAE1B588A51004810BC /* Supporting Files */ = {
			isa = PBXGroup;
			children = (
				396D9DAF1B588A51004810BC /* Info.plist */,
				396D9DB01B588A51004810BC /* main.m */,
			);
			name = "Supporting Files";
			sourceTree = "<group>";
		};
		396D9DC71B588A52004810BC /* loginTests */ = {
			isa = PBXGroup;
			children = (
				396D9DCA1B588A52004810BC /* loginTests.m */,
				396D9DC81B588A52004810BC /* Supporting Files */,
			);
			path = loginTests;
			sourceTree = "<group>";
		};
		396D9DC81B588A52004810BC /* Supporting Files */ = {
			isa = PBXGroup;
			children = (
				396D9DC91B588A52004810BC /* Info.plist */,
			);
			name = "Supporting Files";
			sourceTree = "<group>";
		};
/* End PBXGroup section */

/* Begin PBXNativeTarget section */
		396D9DAA1B588A51004810BC /* login */ = {
			isa = PBXNativeTarget;
			buildConfigurationList = 396D9DCE1B588A52004810BC /* Build configuration list for PBXNativeTarget "login" */;
			buildPhases = (
				396D9DA71B588A51004810BC /* Sources */,
				396D9DA81B588A51004810BC /* Frameworks */,
				396D9DA91B588A51004810BC /* Resources */,
			);
			buildRules = (
			);
			dependencies = (
			);
			name = login;
			productName = login;
			productReference = 396D9DAB1B588A51004810BC /* login.app */;
			productType = "com.apple.product-type.application";
		};
		396D9DC31B588A52004810BC /* loginTests */ = {
			isa = PBXNativeTarget;
			buildConfigurationList = 396D9DD11B588A52004810BC /* Build configuration list for PBXNativeTarget "loginTests" */;
			buildPhases = (
				396D9DC01B588A52004810BC /* Sources */,
				396D9DC11B588A52004810BC /* Frameworks */,
				396D9DC21B588A52004810BC /* Resources */,
			);
			buildRules = (
			);
			dependencies = (
				396D9DC61B588A52004810BC /* PBXTargetDependency */,
			);
			name = loginTests;
			productName = loginTests;
			productReference = 396D9DC41B588A52004810BC /* loginTests.xctest */;
			productType = "com.apple.product-type.bundle.unit-test";
		};
/* End PBXNativeTarget section */

/* Begin PBXProject section */
		396D9DA31B588A51004810BC /* Project object */ = {
			isa = PBXProject;
			attributes = {
				LastUpgradeCheck = 0640;
				ORGANIZATIONNAME = TTS;
				TargetAttributes = {
					396D9DAA1B588A51004810BC = {
						CreatedOnToolsVersion = 6.4;
					};
					396D9DC31B588A52004810BC = {
						CreatedOnToolsVersion = 6.4;
						TestTargetID = 396D9DAA1B588A51004810BC;
					};
				};
			};
			buildConfigurationList = 396D9DA61B588A51004810BC /* Build configuration list for PBXProject "login" */;
			compatibilityVersion = "Xcode 3.2";
			developmentRegion = English;
			hasScannedForEncodings = 0;
			knownRegions = (
				en,
				Base,
			);
			mainGroup = 396D9DA21B588A51004810BC;
			productRefGroup = 396D9DAC1B588A51004810BC /* Products */;
			projectDirPath = "";
			projectRoot = "";
			targets = (
				396D9DAA1B588A51004810BC /* login */,
				396D9DC31B588A52004810BC /* loginTests */,
			);
		};
/* End PBXProject section */

/* Begin PBXResourcesBuildPhase section */
		396D9DA91B588A51004810BC /* Resources */ = {
			isa = PBXResourcesBuildPhase;
			buildActionMask = 2147483647;
			files = (
				396D9DBA1B588A52004810BC /* Main.storyboard in Resources */,
				396D9DBF1B588A52004810BC /* LaunchScreen.xib in Resources */,
				396D9DBC1B588A52004810BC /* Images.xcassets in Resources */,
			);
			runOnlyForDeploymentPostprocessing = 0;
		};
		396D9DC21B588A52004810BC /* Resources */ = {
			isa = PBXResourcesBuildPhase;
			buildActionMask = 2147483647;
			files = (
			);
			runOnlyForDeploymentPostprocessing = 0;
		};
/* End PBXResourcesBuildPhase section */

/* Begin PBXSourcesBuildPhase section */
		396D9DA71B588A51004810BC /* Sources */ = {
			isa = PBXSourcesBuildPhase;
			buildActionMask = 2147483647;
			files = (
				396D9DB71B588A52004810BC /* ViewController.m in Sources */,
				396D9DB41B588A51004810BC /* AppDelegate.m in Sources */,
				396D9DB11B588A51004810BC /* main.m in Sources */,
			);
			runOnlyForDeploymentPostprocessing = 0;
		};
		396D9DC01B588A52004810BC /* Sources */ = {
			isa = PBXSourcesBuildPhase;
			buildActionMask = 2147483647;
			files = (
				396D9DCB1B588A52004810BC /* loginTests.m in Sources */,
			);
			runOnlyForDeploymentPostprocessing = 0;
		};
/* End PBXSourcesBuildPhase section */

/* Begin PBXTargetDependency section */
		396D9DC61B588A52004810BC /* PBXTargetDependency */ = {
			isa = PBXTargetDependency;
			target = 396D9DAA1B588A51004810BC /* login */;
			targetProxy = 396D9DC51B588A52004810BC /* PBXContainerItemProxy */;
		};
/* End PBXTargetDependency section */

/* Begin PBXVariantGroup section */
		396D9DB81B588A52004810BC /* Main.storyboard */ = {
			isa = PBXVariantGroup;
			children = (
				396D9DB91B588A52004810BC /* Base */,
			);
			name = Main.storyboard;
			sourceTree = "<group>";
		};
		396D9DBD1B588A52004810BC /* LaunchScreen.xib */ = {
			isa = PBXVariantGroup;
			children = (
				396D9DBE1B588A52004810BC /* Base */,
			);
			name = LaunchScreen.xib;
			sourceTree = "<group>";
		};
/* End PBXVariantGroup section */

/* Begin XCBuildConfiguration section */
		396D9DCC1B588A52004810BC /* Debug */ = {
			isa = XCBuildConfiguration;
			buildSettings = {
				ALWAYS_SEARCH_USER_PATHS = NO;
				CLANG_CXX_LANGUAGE_STANDARD = "gnu++0x";
				CLANG_CXX_LIBRARY = "libc++";
				CLANG_ENABLE_MODULES = YES;
				CLANG_ENABLE_OBJC_ARC = YES;
				CLANG_WARN_BOOL_CONVERSION = YES;
				CLANG_WARN_CONSTANT_CONVERSION = YES;
				CLANG_WARN_DIRECT_OBJC_ISA_USAGE = YES_ERROR;
				CLANG_WARN_EMPTY_BODY = YES;
				CLANG_WARN_ENUM_CONVERSION = YES;
				CLANG_WARN_INT_CONVERSION = YES;
				CLANG_WARN_OBJC_ROOT_CLASS = YES_ERROR;
				CLANG_WARN_UNREACHABLE_CODE = YES;
				CLANG_WARN__DUPLICATE_METHOD_MATCH = YES;
				"CODE_SIGN_IDENTITY[sdk=iphoneos*]" = "iPhone Developer";
				COPY_PHASE_STRIP = NO;
				DEBUG_INFORMATION_FORMAT = "dwarf-with-dsym";
				ENABLE_STRICT_OBJC_MSGSEND = YES;
				GCC_C_LANGUAGE_STANDARD = gnu99;
				GCC_DYNAMIC_NO_PIC = NO;
				GCC_NO_COMMON_BLOCKS = YES;
				GCC_OPTIMIZATION_LEVEL = 0;
				GCC_PREPROCESSOR_DEFINITIONS = (
					"DEBUG=1",
					"$(inherited)",
				);
				GCC_SYMBOLS_PRIVATE_EXTERN = NO;
				GCC_WARN_64_TO_32_BIT_CONVERSION = YES;
				GCC_WARN_ABOUT_RETURN_TYPE = YES_ERROR;
				GCC_WARN_UNDECLARED_SELECTOR = YES;
				GCC_WARN_UNINITIALIZED_AUTOS = YES_AGGRESSIVE;
				GCC_WARN_UNUSED_FUNCTION = YES;
				GCC_WARN_UNUSED_VARIABLE = YES;
				IPHONEOS_DEPLOYMENT_TARGET = 8.4;
				MTL_ENABLE_DEBUG_INFO = YES;
				ONLY_ACTIVE_ARCH = YES;
				SDKROOT = iphoneos;
				TARGETED_DEVICE_FAMILY = "1,2";
			};
			name = Debug;
		};
		396D9DCD1B588A52004810BC /* Release */ = {
			isa = XCBuildConfiguration;
			buildSettings = {
				ALWAYS_SEARCH_USER_PATHS = NO;
				CLANG_CXX_LANGUAGE_STANDARD = "gnu++0x";
				CLANG_CXX_LIBRARY = "libc++";
				CLANG_ENABLE_MODULES = YES;
				CLANG_ENABLE_OBJC_ARC = YES;
				CLANG_WARN_BOOL_CONVERSION = YES;
				CLANG_WARN_CONSTANT_CONVERSION = YES;
				CLANG_WARN_DIRECT_OBJC_ISA_USAGE = YES_ERROR;
				CLANG_WARN_EMPTY_BODY = YES;
				CLANG_WARN_ENUM_CONVERSION = YES;
				CLANG_WARN_INT_CONVERSION = YES;
				CLANG_WARN_OBJC_ROOT_CLASS = YES_ERROR;
				CLANG_WARN_UNREACHABLE_CODE = YES;
				CLANG_WARN__DUPLICATE_METHOD_MATCH = YES;
				"CODE_SIGN_IDENTITY[sdk=iphoneos*]" = "iPhone Developer";
				COPY_PHASE_STRIP = NO;
				DEBUG_INFORMATION_FORMAT = "dwarf-with-dsym";
				ENABLE_NS_ASSERTIONS = NO;
				ENABLE_STRICT_OBJC_MSGSEND = YES;
				GCC_C_LANGUAGE_STANDARD = gnu99;
				GCC_NO_COMMON_BLOCKS = YES;
				GCC_WARN_64_TO_32_BIT_CONVERSION = YES;
				GCC_WARN_ABOUT_RETURN_TYPE = YES_ERROR;
				GCC_WARN_UNDECLARED_SELECTOR = YES;
				GCC_WARN_UNINITIALIZED_AUTOS = YES_AGGRESSIVE;
				GCC_WARN_UNUSED_FUNCTION = YES;
				GCC_WARN_UNUSED_VARIABLE = YES;
				IPHONEOS_DEPLOYMENT_TARGET = 8.4;
				MTL_ENABLE_DEBUG_INFO = NO;
				SDKROOT = iphoneos;
				TARGETED_DEVICE_FAMILY = "1,2";
				VALIDATE_PRODUCT = YES;
			};
			name = Release;
		};
		396D9DCF1B588A52004810BC /* Debug */ = {
			isa = XCBuildConfiguration;
			buildSettings = {
				ASSETCATALOG_COMPILER_APPICON_NAME = AppIcon;
				INFOPLIST_FILE = login/Info.plist;
				LD_RUNPATH_SEARCH_PATHS = "$(inherited) @executable_path/Frameworks";
				PRODUCT_NAME = "$(TARGET_NAME)";
			};
			name = Debug;
		};
		396D9DD01B588A52004810BC /* Release */ = {
			isa = XCBuildConfiguration;
			buildSettings = {
				ASSETCATALOG_COMPILER_APPICON_NAME = AppIcon;
				INFOPLIST_FILE = login/Info.plist;
				LD_RUNPATH_SEARCH_PATHS = "$(inherited) @executable_path/Frameworks";
				PRODUCT_NAME = "$(TARGET_NAME)";
			};
			name = Release;
		};
		396D9DD21B588A52004810BC /* Debug */ = {
			isa = XCBuildConfiguration;
			buildSettings = {
				BUNDLE_LOADER = "$(TEST_HOST)";
				FRAMEWORK_SEARCH_PATHS = (
					"$(SDKROOT)/Developer/Library/Frameworks",
					"$(inherited)",
				);
				GCC_PREPROCESSOR_DEFINITIONS = (
					"DEBUG=1",
					"$(inherited)",
				);
				INFOPLIST_FILE = loginTests/Info.plist;
				LD_RUNPATH_SEARCH_PATHS = "$(inherited) @executable_path/Frameworks @loader_path/Frameworks";
				PRODUCT_NAME = "$(TARGET_NAME)";
				TEST_HOST = "$(BUILT_PRODUCTS_DIR)/login.app/login";
			};
			name = Debug;
		};
		396D9DD31B588A52004810BC /* Release */ = {
			isa = XCBuildConfiguration;
			buildSettings = {
				BUNDLE_LOADER = "$(TEST_HOST)";
				FRAMEWORK_SEARCH_PATHS = (
					"$(SDKROOT)/Developer/Library/Frameworks",
					"$(inherited)",
				);
				INFOPLIST_FILE = loginTests/Info.plist;
				LD_RUNPATH_SEARCH_PATHS = "$(inherited) @executable_path/Frameworks @loader_path/Frameworks";
				PRODUCT_NAME = "$(TARGET_NAME)";
				TEST_HOST = "$(BUILT_PRODUCTS_DIR)/login.app/login";
			};
			name = Release;
		};
/* End XCBuildConfiguration section */

/* Begin XCConfigurationList section */
		396D9DA61B588A51004810BC /* Build configuration list for PBXProject "login" */ = {
			isa = XCConfigurationList;
			buildConfigurations = (
				396D9DCC1B588A52004810BC /* Debug */,
				396D9DCD1B588A52004810BC /* Release */,
			);
			defaultConfigurationIsVisible = 0;
			defaultConfigurationName = Release;
		};
		396D9DCE1B588A52004810BC /* Build configuration list for PBXNativeTarget "login" */ = {
			isa = XCConfigurationList;
			buildConfigurations = (
				396D9DCF1B588A52004810BC /* Debug */,
				396D9DD01B588A52004810BC /* Release */,
			);
			defaultConfigurationIsVisible = 0;
		};
		396D9DD11B588A52004810BC /* Build configuration list for PBXNativeTarget "loginTests" */ = {
			isa = XCConfigurationList;
			buildConfigurations = (
				396D9DD21B588A52004810BC /* Debug */,
				396D9DD31B588A52004810BC /* Release */,
			);
			defaultConfigurationIsVisible = 0;
		};
/* End XCConfigurationList section */
	};
	rootObject = 396D9DA31B588A51004810BC /* Project object */;
}
