// !$*UTF8*$!
{
	archiveVersion = 1;
	classes = {
	};
	objectVersion = 46;
	objects = {

/* Begin PBXBuildFile section */
		39DB9D6E1B7D8151001D914C /* ObtainData.m in Sources */ = {isa = PBXBuildFile; fileRef = 39DB9D6D1B7D8151001D914C /* ObtainData.m */; };
		39DB9D721B7D8266001D914C /* MGstatusService.m in Sources */ = {isa = PBXBuildFile; fileRef = 39DB9D711B7D8266001D914C /* MGstatusService.m */; };
		39DB9D751B7D82D1001D914C /* MGUserService.m in Sources */ = {isa = PBXBuildFile; fileRef = 39DB9D741B7D82D1001D914C /* MGUserService.m */; };
		39DB9D791B7D8C23001D914C /* MGMainViewController.m in Sources */ = {isa = PBXBuildFile; fileRef = 39DB9D781B7D8C23001D914C /* MGMainViewController.m */; };
		39DB9D7D1B7D8C48001D914C /* KCStatusTableViewCell.m in Sources */ = {isa = PBXBuildFile; fileRef = 39DB9D7C1B7D8C48001D914C /* KCStatusTableViewCell.m */; };
		39F5E3671B7CB6B8005C13AB /* main.m in Sources */ = {isa = PBXBuildFile; fileRef = 39F5E3661B7CB6B8005C13AB /* main.m */; };
		39F5E36A1B7CB6B8005C13AB /* AppDelegate.m in Sources */ = {isa = PBXBuildFile; fileRef = 39F5E3691B7CB6B8005C13AB /* AppDelegate.m */; };
		39F5E36D1B7CB6B8005C13AB /* ViewController.m in Sources */ = {isa = PBXBuildFile; fileRef = 39F5E36C1B7CB6B8005C13AB /* ViewController.m */; };
		39F5E3721B7CB6B8005C13AB /* Images.xcassets in Resources */ = {isa = PBXBuildFile; fileRef = 39F5E3711B7CB6B8005C13AB /* Images.xcassets */; };
		39F5E3811B7CB6B8005C13AB /* CoreDataDemoTests.m in Sources */ = {isa = PBXBuildFile; fileRef = 39F5E3801B7CB6B8005C13AB /* CoreDataDemoTests.m */; };
		39F5E38E1B7CB719005C13AB /* Model.xcdatamodeld in Sources */ = {isa = PBXBuildFile; fileRef = 39F5E38C1B7CB719005C13AB /* Model.xcdatamodeld */; };
		39F5E39B1B7CBF18005C13AB /* Status.m in Sources */ = {isa = PBXBuildFile; fileRef = 39F5E39A1B7CBF18005C13AB /* Status.m */; };
		39F5E39E1B7CBF19005C13AB /* User.m in Sources */ = {isa = PBXBuildFile; fileRef = 39F5E39D1B7CBF19005C13AB /* User.m */; };
		39F5E3A21B7CBF4E005C13AB /* MGDbManager.m in Sources */ = {isa = PBXBuildFile; fileRef = 39F5E3A11B7CBF4E005C13AB /* MGDbManager.m */; };
/* End PBXBuildFile section */

/* Begin PBXContainerItemProxy section */
		39F5E37B1B7CB6B8005C13AB /* PBXContainerItemProxy */ = {
			isa = PBXContainerItemProxy;
			containerPortal = 39F5E3591B7CB6B8005C13AB /* Project object */;
			proxyType = 1;
			remoteGlobalIDString = 39F5E3601B7CB6B8005C13AB;
			remoteInfo = CoreDataDemo;
		};
/* End PBXContainerItemProxy section */

/* Begin PBXFileReference section */
		39DB9D6A1B7D74EE001D914C /* KCSingleton.h */ = {isa = PBXFileReference; lastKnownFileType = sourcecode.c.h; name = KCSingleton.h; path = "../../../../../Downloads/10 DataAccess/CoreData/CoreData/KCSingleton.h"; sourceTree = "<group>"; };
		39DB9D6C1B7D812E001D914C /* ObtainData.h */ = {isa = PBXFileReference; lastKnownFileType = sourcecode.c.h; path = ObtainData.h; sourceTree = "<group>"; };
		39DB9D6D1B7D8151001D914C /* ObtainData.m */ = {isa = PBXFileReference; fileEncoding = 4; lastKnownFileType = sourcecode.c.objc; path = ObtainData.m; sourceTree = "<group>"; };
		39DB9D701B7D8266001D914C /* MGstatusService.h */ = {isa = PBXFileReference; fileEncoding = 4; lastKnownFileType = sourcecode.c.h; path = MGstatusService.h; sourceTree = "<group>"; };
		39DB9D711B7D8266001D914C /* MGstatusService.m */ = {isa = PBXFileReference; fileEncoding = 4; lastKnownFileType = sourcecode.c.objc; path = MGstatusService.m; sourceTree = "<group>"; };
		39DB9D731B7D82D1001D914C /* MGUserService.h */ = {isa = PBXFileReference; fileEncoding = 4; lastKnownFileType = sourcecode.c.h; path = MGUserService.h; sourceTree = "<group>"; };
		39DB9D741B7D82D1001D914C /* MGUserService.m */ = {isa = PBXFileReference; fileEncoding = 4; lastKnownFileType = sourcecode.c.objc; path = MGUserService.m; sourceTree = "<group>"; };
		39DB9D771B7D8C23001D914C /* MGMainViewController.h */ = {isa = PBXFileReference; fileEncoding = 4; lastKnownFileType = sourcecode.c.h; path = MGMainViewController.h; sourceTree = "<group>"; };
		39DB9D781B7D8C23001D914C /* MGMainViewController.m */ = {isa = PBXFileReference; fileEncoding = 4; lastKnownFileType = sourcecode.c.objc; path = MGMainViewController.m; sourceTree = "<group>"; };
		39DB9D7B1B7D8C42001D914C /* KCStatusTableViewCell.h */ = {isa = PBXFileReference; lastKnownFileType = sourcecode.c.h; path = KCStatusTableViewCell.h; sourceTree = "<group>"; };
		39DB9D7C1B7D8C48001D914C /* KCStatusTableViewCell.m */ = {isa = PBXFileReference; fileEncoding = 4; lastKnownFileType = sourcecode.c.objc; path = KCStatusTableViewCell.m; sourceTree = "<group>"; };
		39F5E3611B7CB6B8005C13AB /* CoreDataDemo.app */ = {isa = PBXFileReference; explicitFileType = wrapper.application; includeInIndex = 0; path = CoreDataDemo.app; sourceTree = BUILT_PRODUCTS_DIR; };
		39F5E3651B7CB6B8005C13AB /* Info.plist */ = {isa = PBXFileReference; lastKnownFileType = text.plist.xml; path = Info.plist; sourceTree = "<group>"; };
		39F5E3661B7CB6B8005C13AB /* main.m */ = {isa = PBXFileReference; lastKnownFileType = sourcecode.c.objc; path = main.m; sourceTree = "<group>"; };
		39F5E3681B7CB6B8005C13AB /* AppDelegate.h */ = {isa = PBXFileReference; lastKnownFileType = sourcecode.c.h; path = AppDelegate.h; sourceTree = "<group>"; };
		39F5E3691B7CB6B8005C13AB /* AppDelegate.m */ = {isa = PBXFileReference; lastKnownFileType = sourcecode.c.objc; path = AppDelegate.m; sourceTree = "<group>"; };
		39F5E36B1B7CB6B8005C13AB /* ViewController.h */ = {isa = PBXFileReference; lastKnownFileType = sourcecode.c.h; path = ViewController.h; sourceTree = "<group>"; };
		39F5E36C1B7CB6B8005C13AB /* ViewController.m */ = {isa = PBXFileReference; lastKnownFileType = sourcecode.c.objc; path = ViewController.m; sourceTree = "<group>"; };
		39F5E3711B7CB6B8005C13AB /* Images.xcassets */ = {isa = PBXFileReference; lastKnownFileType = folder.assetcatalog; path = Images.xcassets; sourceTree = "<group>"; };
		39F5E37A1B7CB6B8005C13AB /* CoreDataDemoTests.xctest */ = {isa = PBXFileReference; explicitFileType = wrapper.cfbundle; includeInIndex = 0; path = CoreDataDemoTests.xctest; sourceTree = BUILT_PRODUCTS_DIR; };
		39F5E37F1B7CB6B8005C13AB /* Info.plist */ = {isa = PBXFileReference; lastKnownFileType = text.plist.xml; path = Info.plist; sourceTree = "<group>"; };
		39F5E3801B7CB6B8005C13AB /* CoreDataDemoTests.m */ = {isa = PBXFileReference; lastKnownFileType = sourcecode.c.objc; path = CoreDataDemoTests.m; sourceTree = "<group>"; };
		39F5E38D1B7CB719005C13AB /* Model.xcdatamodel */ = {isa = PBXFileReference; lastKnownFileType = wrapper.xcdatamodel; path = Model.xcdatamodel; sourceTree = "<group>"; };
		39F5E3991B7CBF18005C13AB /* Status.h */ = {isa = PBXFileReference; fileEncoding = 4; lastKnownFileType = sourcecode.c.h; path = Status.h; sourceTree = "<group>"; };
		39F5E39A1B7CBF18005C13AB /* Status.m */ = {isa = PBXFileReference; fileEncoding = 4; lastKnownFileType = sourcecode.c.objc; path = Status.m; sourceTree = "<group>"; };
		39F5E39C1B7CBF19005C13AB /* User.h */ = {isa = PBXFileReference; fileEncoding = 4; lastKnownFileType = sourcecode.c.h; path = User.h; sourceTree = "<group>"; };
		39F5E39D1B7CBF19005C13AB /* User.m */ = {isa = PBXFileReference; fileEncoding = 4; lastKnownFileType = sourcecode.c.objc; path = User.m; sourceTree = "<group>"; };
		39F5E3A01B7CBF4E005C13AB /* MGDbManager.h */ = {isa = PBXFileReference; fileEncoding = 4; lastKnownFileType = sourcecode.c.h; path = MGDbManager.h; sourceTree = "<group>"; };
		39F5E3A11B7CBF4E005C13AB /* MGDbManager.m */ = {isa = PBXFileReference; fileEncoding = 4; lastKnownFileType = sourcecode.c.objc; path = MGDbManager.m; sourceTree = "<group>"; };
/* End PBXFileReference section */

/* Begin PBXFrameworksBuildPhase section */
		39F5E35E1B7CB6B8005C13AB /* Frameworks */ = {
			isa = PBXFrameworksBuildPhase;
			buildActionMask = 2147483647;
			files = (
			);
			runOnlyForDeploymentPostprocessing = 0;
		};
		39F5E3771B7CB6B8005C13AB /* Frameworks */ = {
			isa = PBXFrameworksBuildPhase;
			buildActionMask = 2147483647;
			files = (
			);
			runOnlyForDeploymentPostprocessing = 0;
		};
/* End PBXFrameworksBuildPhase section */

/* Begin PBXGroup section */
		39DB9D6B1B7D811B001D914C /* net */ = {
			isa = PBXGroup;
			children = (
				39DB9D6C1B7D812E001D914C /* ObtainData.h */,
				39DB9D6D1B7D8151001D914C /* ObtainData.m */,
			);
			name = net;
			sourceTree = "<group>";
		};
		39DB9D6F1B7D821E001D914C /* Service */ = {
			isa = PBXGroup;
			children = (
				39DB9D701B7D8266001D914C /* MGstatusService.h */,
				39DB9D711B7D8266001D914C /* MGstatusService.m */,
				39DB9D731B7D82D1001D914C /* MGUserService.h */,
				39DB9D741B7D82D1001D914C /* MGUserService.m */,
			);
			name = Service;
			sourceTree = "<group>";
		};
		39DB9D761B7D8BFE001D914C /* Controller */ = {
			isa = PBXGroup;
			children = (
				39DB9D771B7D8C23001D914C /* MGMainViewController.h */,
				39DB9D781B7D8C23001D914C /* MGMainViewController.m */,
			);
			name = Controller;
			sourceTree = "<group>";
		};
		39DB9D7A1B7D8C2C001D914C /* VIew */ = {
			isa = PBXGroup;
			children = (
				39DB9D7C1B7D8C48001D914C /* KCStatusTableViewCell.m */,
				39DB9D7B1B7D8C42001D914C /* KCStatusTableViewCell.h */,
			);
			name = VIew;
			sourceTree = "<group>";
		};
		39F5E3581B7CB6B8005C13AB = {
			isa = PBXGroup;
			children = (
				39F5E3631B7CB6B8005C13AB /* CoreDataDemo */,
				39F5E37D1B7CB6B8005C13AB /* CoreDataDemoTests */,
				39F5E3621B7CB6B8005C13AB /* Products */,
			);
			sourceTree = "<group>";
		};
		39F5E3621B7CB6B8005C13AB /* Products */ = {
			isa = PBXGroup;
			children = (
				39F5E3611B7CB6B8005C13AB /* CoreDataDemo.app */,
				39F5E37A1B7CB6B8005C13AB /* CoreDataDemoTests.xctest */,
			);
			name = Products;
			sourceTree = "<group>";
		};
		39F5E3631B7CB6B8005C13AB /* CoreDataDemo */ = {
			isa = PBXGroup;
			children = (
				39DB9D7A1B7D8C2C001D914C /* VIew */,
				39DB9D761B7D8BFE001D914C /* Controller */,
				39DB9D6F1B7D821E001D914C /* Service */,
				39DB9D6B1B7D811B001D914C /* net */,
				39F5E39F1B7CBF36005C13AB /* Common */,
				39F5E3951B7CBEEA005C13AB /* model */,
				39F5E3681B7CB6B8005C13AB /* AppDelegate.h */,
				39F5E3691B7CB6B8005C13AB /* AppDelegate.m */,
				39F5E36B1B7CB6B8005C13AB /* ViewController.h */,
				39F5E36C1B7CB6B8005C13AB /* ViewController.m */,
				39F5E3711B7CB6B8005C13AB /* Images.xcassets */,
				39F5E3641B7CB6B8005C13AB /* Supporting Files */,
				39F5E38C1B7CB719005C13AB /* Model.xcdatamodeld */,
			);
			path = CoreDataDemo;
			sourceTree = "<group>";
		};
		39F5E3641B7CB6B8005C13AB /* Supporting Files */ = {
			isa = PBXGroup;
			children = (
				39F5E3651B7CB6B8005C13AB /* Info.plist */,
				39F5E3661B7CB6B8005C13AB /* main.m */,
			);
			name = "Supporting Files";
			sourceTree = "<group>";
		};
		39F5E37D1B7CB6B8005C13AB /* CoreDataDemoTests */ = {
			isa = PBXGroup;
			children = (
				39F5E3801B7CB6B8005C13AB /* CoreDataDemoTests.m */,
				39F5E37E1B7CB6B8005C13AB /* Supporting Files */,
			);
			path = CoreDataDemoTests;
			sourceTree = "<group>";
		};
		39F5E37E1B7CB6B8005C13AB /* Supporting Files */ = {
			isa = PBXGroup;
			children = (
				39F5E37F1B7CB6B8005C13AB /* Info.plist */,
			);
			name = "Supporting Files";
			sourceTree = "<group>";
		};
		39F5E3951B7CBEEA005C13AB /* model */ = {
			isa = PBXGroup;
			children = (
				39F5E39C1B7CBF19005C13AB /* User.h */,
				39F5E39D1B7CBF19005C13AB /* User.m */,
				39F5E3991B7CBF18005C13AB /* Status.h */,
				39F5E39A1B7CBF18005C13AB /* Status.m */,
			);
			name = model;
			sourceTree = "<group>";
		};
		39F5E39F1B7CBF36005C13AB /* Common */ = {
			isa = PBXGroup;
			children = (
				39F5E3A01B7CBF4E005C13AB /* MGDbManager.h */,
				39DB9D6A1B7D74EE001D914C /* KCSingleton.h */,
				39F5E3A11B7CBF4E005C13AB /* MGDbManager.m */,
			);
			name = Common;
			sourceTree = "<group>";
		};
/* End PBXGroup section */

/* Begin PBXNativeTarget section */
		39F5E3601B7CB6B8005C13AB /* CoreDataDemo */ = {
			isa = PBXNativeTarget;
			buildConfigurationList = 39F5E3841B7CB6B8005C13AB /* Build configuration list for PBXNativeTarget "CoreDataDemo" */;
			buildPhases = (
				39F5E35D1B7CB6B8005C13AB /* Sources */,
				39F5E35E1B7CB6B8005C13AB /* Frameworks */,
				39F5E35F1B7CB6B8005C13AB /* Resources */,
			);
			buildRules = (
			);
			dependencies = (
			);
			name = CoreDataDemo;
			productName = CoreDataDemo;
			productReference = 39F5E3611B7CB6B8005C13AB /* CoreDataDemo.app */;
			productType = "com.apple.product-type.application";
		};
		39F5E3791B7CB6B8005C13AB /* CoreDataDemoTests */ = {
			isa = PBXNativeTarget;
			buildConfigurationList = 39F5E3871B7CB6B8005C13AB /* Build configuration list for PBXNativeTarget "CoreDataDemoTests" */;
			buildPhases = (
				39F5E3761B7CB6B8005C13AB /* Sources */,
				39F5E3771B7CB6B8005C13AB /* Frameworks */,
				39F5E3781B7CB6B8005C13AB /* Resources */,
			);
			buildRules = (
			);
			dependencies = (
				39F5E37C1B7CB6B8005C13AB /* PBXTargetDependency */,
			);
			name = CoreDataDemoTests;
			productName = CoreDataDemoTests;
			productReference = 39F5E37A1B7CB6B8005C13AB /* CoreDataDemoTests.xctest */;
			productType = "com.apple.product-type.bundle.unit-test";
		};
/* End PBXNativeTarget section */

/* Begin PBXProject section */
		39F5E3591B7CB6B8005C13AB /* Project object */ = {
			isa = PBXProject;
			attributes = {
				LastUpgradeCheck = 0640;
				ORGANIZATIONNAME = TTS;
				TargetAttributes = {
					39F5E3601B7CB6B8005C13AB = {
						CreatedOnToolsVersion = 6.4;
					};
					39F5E3791B7CB6B8005C13AB = {
						CreatedOnToolsVersion = 6.4;
						TestTargetID = 39F5E3601B7CB6B8005C13AB;
					};
				};
			};
			buildConfigurationList = 39F5E35C1B7CB6B8005C13AB /* Build configuration list for PBXProject "CoreDataDemo" */;
			compatibilityVersion = "Xcode 3.2";
			developmentRegion = English;
			hasScannedForEncodings = 0;
			knownRegions = (
				en,
				Base,
			);
			mainGroup = 39F5E3581B7CB6B8005C13AB;
			productRefGroup = 39F5E3621B7CB6B8005C13AB /* Products */;
			projectDirPath = "";
			projectRoot = "";
			targets = (
				39F5E3601B7CB6B8005C13AB /* CoreDataDemo */,
				39F5E3791B7CB6B8005C13AB /* CoreDataDemoTests */,
			);
		};
/* End PBXProject section */

/* Begin PBXResourcesBuildPhase section */
		39F5E35F1B7CB6B8005C13AB /* Resources */ = {
			isa = PBXResourcesBuildPhase;
			buildActionMask = 2147483647;
			files = (
				39F5E3721B7CB6B8005C13AB /* Images.xcassets in Resources */,
			);
			runOnlyForDeploymentPostprocessing = 0;
		};
		39F5E3781B7CB6B8005C13AB /* Resources */ = {
			isa = PBXResourcesBuildPhase;
			buildActionMask = 2147483647;
			files = (
			);
			runOnlyForDeploymentPostprocessing = 0;
		};
/* End PBXResourcesBuildPhase section */

/* Begin PBXSourcesBuildPhase section */
		39F5E35D1B7CB6B8005C13AB /* Sources */ = {
			isa = PBXSourcesBuildPhase;
			buildActionMask = 2147483647;
			files = (
				39F5E36D1B7CB6B8005C13AB /* ViewController.m in Sources */,
				39F5E36A1B7CB6B8005C13AB /* AppDelegate.m in Sources */,
				39F5E3A21B7CBF4E005C13AB /* MGDbManager.m in Sources */,
				39DB9D7D1B7D8C48001D914C /* KCStatusTableViewCell.m in Sources */,
				39F5E39E1B7CBF19005C13AB /* User.m in Sources */,
				39F5E3671B7CB6B8005C13AB /* main.m in Sources */,
				39F5E39B1B7CBF18005C13AB /* Status.m in Sources */,
				39DB9D751B7D82D1001D914C /* MGUserService.m in Sources */,
				39DB9D6E1B7D8151001D914C /* ObtainData.m in Sources */,
				39F5E38E1B7CB719005C13AB /* Model.xcdatamodeld in Sources */,
				39DB9D721B7D8266001D914C /* MGstatusService.m in Sources */,
				39DB9D791B7D8C23001D914C /* MGMainViewController.m in Sources */,
			);
			runOnlyForDeploymentPostprocessing = 0;
		};
		39F5E3761B7CB6B8005C13AB /* Sources */ = {
			isa = PBXSourcesBuildPhase;
			buildActionMask = 2147483647;
			files = (
				39F5E3811B7CB6B8005C13AB /* CoreDataDemoTests.m in Sources */,
			);
			runOnlyForDeploymentPostprocessing = 0;
		};
/* End PBXSourcesBuildPhase section */

/* Begin PBXTargetDependency section */
		39F5E37C1B7CB6B8005C13AB /* PBXTargetDependency */ = {
			isa = PBXTargetDependency;
			target = 39F5E3601B7CB6B8005C13AB /* CoreDataDemo */;
			targetProxy = 39F5E37B1B7CB6B8005C13AB /* PBXContainerItemProxy */;
		};
/* End PBXTargetDependency section */

/* Begin XCBuildConfiguration section */
		39F5E3821B7CB6B8005C13AB /* Debug */ = {
			isa = XCBuildConfiguration;
			buildSettings = {
				ALWAYS_SEARCH_USER_PATHS = NO;
				CLANG_CXX_LANGUAGE_STANDARD = "gnu++0x";
				CLANG_CXX_LIBRARY = "libc++";
				CLANG_ENABLE_MODULES = YES;
				CLANG_ENABLE_OBJC_ARC = YES;
				CLANG_WARN_BOOL_CONVERSION = YES;
				CLANG_WARN_CONSTANT_CONVERSION = YES;
				CLANG_WARN_DIRECT_OBJC_ISA_USAGE = YES_ERROR;
				CLANG_WARN_EMPTY_BODY = YES;
				CLANG_WARN_ENUM_CONVERSION = YES;
				CLANG_WARN_INT_CONVERSION = YES;
				CLANG_WARN_OBJC_ROOT_CLASS = YES_ERROR;
				CLANG_WARN_UNREACHABLE_CODE = YES;
				CLANG_WARN__DUPLICATE_METHOD_MATCH = YES;
				"CODE_SIGN_IDENTITY[sdk=iphoneos*]" = "iPhone Developer";
				COPY_PHASE_STRIP = NO;
				DEBUG_INFORMATION_FORMAT = "dwarf-with-dsym";
				ENABLE_STRICT_OBJC_MSGSEND = YES;
				GCC_C_LANGUAGE_STANDARD = gnu99;
				GCC_DYNAMIC_NO_PIC = NO;
				GCC_NO_COMMON_BLOCKS = YES;
				GCC_OPTIMIZATION_LEVEL = 0;
				GCC_PREPROCESSOR_DEFINITIONS = (
					"DEBUG=1",
					"$(inherited)",
				);
				GCC_SYMBOLS_PRIVATE_EXTERN = NO;
				GCC_WARN_64_TO_32_BIT_CONVERSION = YES;
				GCC_WARN_ABOUT_RETURN_TYPE = YES_ERROR;
				GCC_WARN_UNDECLARED_SELECTOR = YES;
				GCC_WARN_UNINITIALIZED_AUTOS = YES_AGGRESSIVE;
				GCC_WARN_UNUSED_FUNCTION = YES;
				GCC_WARN_UNUSED_VARIABLE = YES;
				IPHONEOS_DEPLOYMENT_TARGET = 8.4;
				MTL_ENABLE_DEBUG_INFO = YES;
				ONLY_ACTIVE_ARCH = YES;
				SDKROOT = iphoneos;
			};
			name = Debug;
		};
		39F5E3831B7CB6B8005C13AB /* Release */ = {
			isa = XCBuildConfiguration;
			buildSettings = {
				ALWAYS_SEARCH_USER_PATHS = NO;
				CLANG_CXX_LANGUAGE_STANDARD = "gnu++0x";
				CLANG_CXX_LIBRARY = "libc++";
				CLANG_ENABLE_MODULES = YES;
				CLANG_ENABLE_OBJC_ARC = YES;
				CLANG_WARN_BOOL_CONVERSION = YES;
				CLANG_WARN_CONSTANT_CONVERSION = YES;
				CLANG_WARN_DIRECT_OBJC_ISA_USAGE = YES_ERROR;
				CLANG_WARN_EMPTY_BODY = YES;
				CLANG_WARN_ENUM_CONVERSION = YES;
				CLANG_WARN_INT_CONVERSION = YES;
				CLANG_WARN_OBJC_ROOT_CLASS = YES_ERROR;
				CLANG_WARN_UNREACHABLE_CODE = YES;
				CLANG_WARN__DUPLICATE_METHOD_MATCH = YES;
				"CODE_SIGN_IDENTITY[sdk=iphoneos*]" = "iPhone Developer";
				COPY_PHASE_STRIP = NO;
				DEBUG_INFORMATION_FORMAT = "dwarf-with-dsym";
				ENABLE_NS_ASSERTIONS = NO;
				ENABLE_STRICT_OBJC_MSGSEND = YES;
				GCC_C_LANGUAGE_STANDARD = gnu99;
				GCC_NO_COMMON_BLOCKS = YES;
				GCC_WARN_64_TO_32_BIT_CONVERSION = YES;
				GCC_WARN_ABOUT_RETURN_TYPE = YES_ERROR;
				GCC_WARN_UNDECLARED_SELECTOR = YES;
				GCC_WARN_UNINITIALIZED_AUTOS = YES_AGGRESSIVE;
				GCC_WARN_UNUSED_FUNCTION = YES;
				GCC_WARN_UNUSED_VARIABLE = YES;
				IPHONEOS_DEPLOYMENT_TARGET = 8.4;
				MTL_ENABLE_DEBUG_INFO = NO;
				SDKROOT = iphoneos;
				VALIDATE_PRODUCT = YES;
			};
			name = Release;
		};
		39F5E3851B7CB6B8005C13AB /* Debug */ = {
			isa = XCBuildConfiguration;
			buildSettings = {
				ASSETCATALOG_COMPILER_APPICON_NAME = AppIcon;
				ASSETCATALOG_COMPILER_LAUNCHIMAGE_NAME = LaunchImage;
				INFOPLIST_FILE = CoreDataDemo/Info.plist;
				LD_RUNPATH_SEARCH_PATHS = "$(inherited) @executable_path/Frameworks";
				PRODUCT_NAME = "$(TARGET_NAME)";
			};
			name = Debug;
		};
		39F5E3861B7CB6B8005C13AB /* Release */ = {
			isa = XCBuildConfiguration;
			buildSettings = {
				ASSETCATALOG_COMPILER_APPICON_NAME = AppIcon;
				ASSETCATALOG_COMPILER_LAUNCHIMAGE_NAME = LaunchImage;
				INFOPLIST_FILE = CoreDataDemo/Info.plist;
				LD_RUNPATH_SEARCH_PATHS = "$(inherited) @executable_path/Frameworks";
				PRODUCT_NAME = "$(TARGET_NAME)";
			};
			name = Release;
		};
		39F5E3881B7CB6B8005C13AB /* Debug */ = {
			isa = XCBuildConfiguration;
			buildSettings = {
				BUNDLE_LOADER = "$(TEST_HOST)";
				FRAMEWORK_SEARCH_PATHS = (
					"$(SDKROOT)/Developer/Library/Frameworks",
					"$(inherited)",
				);
				GCC_PREPROCESSOR_DEFINITIONS = (
					"DEBUG=1",
					"$(inherited)",
				);
				INFOPLIST_FILE = CoreDataDemoTests/Info.plist;
				LD_RUNPATH_SEARCH_PATHS = "$(inherited) @executable_path/Frameworks @loader_path/Frameworks";
				PRODUCT_NAME = "$(TARGET_NAME)";
				TEST_HOST = "$(BUILT_PRODUCTS_DIR)/CoreDataDemo.app/CoreDataDemo";
			};
			name = Debug;
		};
		39F5E3891B7CB6B8005C13AB /* Release */ = {
			isa = XCBuildConfiguration;
			buildSettings = {
				BUNDLE_LOADER = "$(TEST_HOST)";
				FRAMEWORK_SEARCH_PATHS = (
					"$(SDKROOT)/Developer/Library/Frameworks",
					"$(inherited)",
				);
				INFOPLIST_FILE = CoreDataDemoTests/Info.plist;
				LD_RUNPATH_SEARCH_PATHS = "$(inherited) @executable_path/Frameworks @loader_path/Frameworks";
				PRODUCT_NAME = "$(TARGET_NAME)";
				TEST_HOST = "$(BUILT_PRODUCTS_DIR)/CoreDataDemo.app/CoreDataDemo";
			};
			name = Release;
		};
/* End XCBuildConfiguration section */

/* Begin XCConfigurationList section */
		39F5E35C1B7CB6B8005C13AB /* Build configuration list for PBXProject "CoreDataDemo" */ = {
			isa = XCConfigurationList;
			buildConfigurations = (
				39F5E3821B7CB6B8005C13AB /* Debug */,
				39F5E3831B7CB6B8005C13AB /* Release */,
			);
			defaultConfigurationIsVisible = 0;
			defaultConfigurationName = Release;
		};
		39F5E3841B7CB6B8005C13AB /* Build configuration list for PBXNativeTarget "CoreDataDemo" */ = {
			isa = XCConfigurationList;
			buildConfigurations = (
				39F5E3851B7CB6B8005C13AB /* Debug */,
				39F5E3861B7CB6B8005C13AB /* Release */,
			);
			defaultConfigurationIsVisible = 0;
			defaultConfigurationName = Release;
		};
		39F5E3871B7CB6B8005C13AB /* Build configuration list for PBXNativeTarget "CoreDataDemoTests" */ = {
			isa = XCConfigurationList;
			buildConfigurations = (
				39F5E3881B7CB6B8005C13AB /* Debug */,
				39F5E3891B7CB6B8005C13AB /* Release */,
			);
			defaultConfigurationIsVisible = 0;
			defaultConfigurationName = Release;
		};
/* End XCConfigurationList section */

/* Begin XCVersionGroup section */
		39F5E38C1B7CB719005C13AB /* Model.xcdatamodeld */ = {
			isa = XCVersionGroup;
			children = (
				39F5E38D1B7CB719005C13AB /* Model.xcdatamodel */,
			);
			currentVersion = 39F5E38D1B7CB719005C13AB /* Model.xcdatamodel */;
			path = Model.xcdatamodeld;
			sourceTree = "<group>";
			versionGroupType = wrapper.xcdatamodel;
		};
/* End XCVersionGroup section */
	};
	rootObject = 39F5E3591B7CB6B8005C13AB /* Project object */;
}
