// !$*UTF8*$!
{
	archiveVersion = 1;
	classes = {
	};
	objectVersion = 46;
	objects = {

/* Begin PBXBuildFile section */
		3924E04B1B78973300A5C702 /* main.m in Sources */ = {isa = PBXBuildFile; fileRef = 3924E04A1B78973300A5C702 /* main.m */; };
		3924E04E1B78973300A5C702 /* AppDelegate.m in Sources */ = {isa = PBXBuildFile; fileRef = 3924E04D1B78973300A5C702 /* AppDelegate.m */; };
		3924E0511B78973300A5C702 /* ViewController.m in Sources */ = {isa = PBXBuildFile; fileRef = 3924E0501B78973300A5C702 /* ViewController.m */; };
		3924E0541B78973300A5C702 /* Main.storyboard in Resources */ = {isa = PBXBuildFile; fileRef = 3924E0521B78973300A5C702 /* Main.storyboard */; };
		3924E0561B78973300A5C702 /* Images.xcassets in Resources */ = {isa = PBXBuildFile; fileRef = 3924E0551B78973300A5C702 /* Images.xcassets */; };
		3924E0591B78973300A5C702 /* LaunchScreen.xib in Resources */ = {isa = PBXBuildFile; fileRef = 3924E0571B78973300A5C702 /* LaunchScreen.xib */; };
		3924E0651B78973300A5C702 /* TestTouchTests.m in Sources */ = {isa = PBXBuildFile; fileRef = 3924E0641B78973300A5C702 /* TestTouchTests.m */; };
/* End PBXBuildFile section */

/* Begin PBXContainerItemProxy section */
		3924E05F1B78973300A5C702 /* PBXContainerItemProxy */ = {
			isa = PBXContainerItemProxy;
			containerPortal = 3924E03D1B78973300A5C702 /* Project object */;
			proxyType = 1;
			remoteGlobalIDString = 3924E0441B78973300A5C702;
			remoteInfo = TestTouch;
		};
/* End PBXContainerItemProxy section */

/* Begin PBXFileReference section */
		3924E0451B78973300A5C702 /* TestTouch.app */ = {isa = PBXFileReference; explicitFileType = wrapper.application; includeInIndex = 0; path = TestTouch.app; sourceTree = BUILT_PRODUCTS_DIR; };
		3924E0491B78973300A5C702 /* Info.plist */ = {isa = PBXFileReference; lastKnownFileType = text.plist.xml; path = Info.plist; sourceTree = "<group>"; };
		3924E04A1B78973300A5C702 /* main.m */ = {isa = PBXFileReference; lastKnownFileType = sourcecode.c.objc; path = main.m; sourceTree = "<group>"; };
		3924E04C1B78973300A5C702 /* AppDelegate.h */ = {isa = PBXFileReference; lastKnownFileType = sourcecode.c.h; path = AppDelegate.h; sourceTree = "<group>"; };
		3924E04D1B78973300A5C702 /* AppDelegate.m */ = {isa = PBXFileReference; lastKnownFileType = sourcecode.c.objc; path = AppDelegate.m; sourceTree = "<group>"; };
		3924E04F1B78973300A5C702 /* ViewController.h */ = {isa = PBXFileReference; lastKnownFileType = sourcecode.c.h; path = ViewController.h; sourceTree = "<group>"; };
		3924E0501B78973300A5C702 /* ViewController.m */ = {isa = PBXFileReference; lastKnownFileType = sourcecode.c.objc; path = ViewController.m; sourceTree = "<group>"; };
		3924E0531B78973300A5C702 /* Base */ = {isa = PBXFileReference; lastKnownFileType = file.storyboard; name = Base; path = Base.lproj/Main.storyboard; sourceTree = "<group>"; };
		3924E0551B78973300A5C702 /* Images.xcassets */ = {isa = PBXFileReference; lastKnownFileType = folder.assetcatalog; path = Images.xcassets; sourceTree = "<group>"; };
		3924E0581B78973300A5C702 /* Base */ = {isa = PBXFileReference; lastKnownFileType = file.xib; name = Base; path = Base.lproj/LaunchScreen.xib; sourceTree = "<group>"; };
		3924E05E1B78973300A5C702 /* TestTouchTests.xctest */ = {isa = PBXFileReference; explicitFileType = wrapper.cfbundle; includeInIndex = 0; path = TestTouchTests.xctest; sourceTree = BUILT_PRODUCTS_DIR; };
		3924E0631B78973300A5C702 /* Info.plist */ = {isa = PBXFileReference; lastKnownFileType = text.plist.xml; path = Info.plist; sourceTree = "<group>"; };
		3924E0641B78973300A5C702 /* TestTouchTests.m */ = {isa = PBXFileReference; lastKnownFileType = sourcecode.c.objc; path = TestTouchTests.m; sourceTree = "<group>"; };
/* End PBXFileReference section */

/* Begin PBXFrameworksBuildPhase section */
		3924E0421B78973300A5C702 /* Frameworks */ = {
			isa = PBXFrameworksBuildPhase;
			buildActionMask = 2147483647;
			files = (
			);
			runOnlyForDeploymentPostprocessing = 0;
		};
		3924E05B1B78973300A5C702 /* Frameworks */ = {
			isa = PBXFrameworksBuildPhase;
			buildActionMask = 2147483647;
			files = (
			);
			runOnlyForDeploymentPostprocessing = 0;
		};
/* End PBXFrameworksBuildPhase section */

/* Begin PBXGroup section */
		3924E03C1B78973300A5C702 = {
			isa = PBXGroup;
			children = (
				3924E0471B78973300A5C702 /* TestTouch */,
				3924E0611B78973300A5C702 /* TestTouchTests */,
				3924E0461B78973300A5C702 /* Products */,
			);
			sourceTree = "<group>";
		};
		3924E0461B78973300A5C702 /* Products */ = {
			isa = PBXGroup;
			children = (
				3924E0451B78973300A5C702 /* TestTouch.app */,
				3924E05E1B78973300A5C702 /* TestTouchTests.xctest */,
			);
			name = Products;
			sourceTree = "<group>";
		};
		3924E0471B78973300A5C702 /* TestTouch */ = {
			isa = PBXGroup;
			children = (
				3924E04C1B78973300A5C702 /* AppDelegate.h */,
				3924E04D1B78973300A5C702 /* AppDelegate.m */,
				3924E04F1B78973300A5C702 /* ViewController.h */,
				3924E0501B78973300A5C702 /* ViewController.m */,
				3924E0521B78973300A5C702 /* Main.storyboard */,
				3924E0551B78973300A5C702 /* Images.xcassets */,
				3924E0571B78973300A5C702 /* LaunchScreen.xib */,
				3924E0481B78973300A5C702 /* Supporting Files */,
			);
			path = TestTouch;
			sourceTree = "<group>";
		};
		3924E0481B78973300A5C702 /* Supporting Files */ = {
			isa = PBXGroup;
			children = (
				3924E0491B78973300A5C702 /* Info.plist */,
				3924E04A1B78973300A5C702 /* main.m */,
			);
			name = "Supporting Files";
			sourceTree = "<group>";
		};
		3924E0611B78973300A5C702 /* TestTouchTests */ = {
			isa = PBXGroup;
			children = (
				3924E0641B78973300A5C702 /* TestTouchTests.m */,
				3924E0621B78973300A5C702 /* Supporting Files */,
			);
			path = TestTouchTests;
			sourceTree = "<group>";
		};
		3924E0621B78973300A5C702 /* Supporting Files */ = {
			isa = PBXGroup;
			children = (
				3924E0631B78973300A5C702 /* Info.plist */,
			);
			name = "Supporting Files";
			sourceTree = "<group>";
		};
/* End PBXGroup section */

/* Begin PBXNativeTarget section */
		3924E0441B78973300A5C702 /* TestTouch */ = {
			isa = PBXNativeTarget;
			buildConfigurationList = 3924E0681B78973300A5C702 /* Build configuration list for PBXNativeTarget "TestTouch" */;
			buildPhases = (
				3924E0411B78973300A5C702 /* Sources */,
				3924E0421B78973300A5C702 /* Frameworks */,
				3924E0431B78973300A5C702 /* Resources */,
			);
			buildRules = (
			);
			dependencies = (
			);
			name = TestTouch;
			productName = TestTouch;
			productReference = 3924E0451B78973300A5C702 /* TestTouch.app */;
			productType = "com.apple.product-type.application";
		};
		3924E05D1B78973300A5C702 /* TestTouchTests */ = {
			isa = PBXNativeTarget;
			buildConfigurationList = 3924E06B1B78973300A5C702 /* Build configuration list for PBXNativeTarget "TestTouchTests" */;
			buildPhases = (
				3924E05A1B78973300A5C702 /* Sources */,
				3924E05B1B78973300A5C702 /* Frameworks */,
				3924E05C1B78973300A5C702 /* Resources */,
			);
			buildRules = (
			);
			dependencies = (
				3924E0601B78973300A5C702 /* PBXTargetDependency */,
			);
			name = TestTouchTests;
			productName = TestTouchTests;
			productReference = 3924E05E1B78973300A5C702 /* TestTouchTests.xctest */;
			productType = "com.apple.product-type.bundle.unit-test";
		};
/* End PBXNativeTarget section */

/* Begin PBXProject section */
		3924E03D1B78973300A5C702 /* Project object */ = {
			isa = PBXProject;
			attributes = {
				LastUpgradeCheck = 0640;
				ORGANIZATIONNAME = TTS;
				TargetAttributes = {
					3924E0441B78973300A5C702 = {
						CreatedOnToolsVersion = 6.4;
					};
					3924E05D1B78973300A5C702 = {
						CreatedOnToolsVersion = 6.4;
						TestTargetID = 3924E0441B78973300A5C702;
					};
				};
			};
			buildConfigurationList = 3924E0401B78973300A5C702 /* Build configuration list for PBXProject "TestTouch" */;
			compatibilityVersion = "Xcode 3.2";
			developmentRegion = English;
			hasScannedForEncodings = 0;
			knownRegions = (
				en,
				Base,
			);
			mainGroup = 3924E03C1B78973300A5C702;
			productRefGroup = 3924E0461B78973300A5C702 /* Products */;
			projectDirPath = "";
			projectRoot = "";
			targets = (
				3924E0441B78973300A5C702 /* TestTouch */,
				3924E05D1B78973300A5C702 /* TestTouchTests */,
			);
		};
/* End PBXProject section */

/* Begin PBXResourcesBuildPhase section */
		3924E0431B78973300A5C702 /* Resources */ = {
			isa = PBXResourcesBuildPhase;
			buildActionMask = 2147483647;
			files = (
				3924E0541B78973300A5C702 /* Main.storyboard in Resources */,
				3924E0591B78973300A5C702 /* LaunchScreen.xib in Resources */,
				3924E0561B78973300A5C702 /* Images.xcassets in Resources */,
			);
			runOnlyForDeploymentPostprocessing = 0;
		};
		3924E05C1B78973300A5C702 /* Resources */ = {
			isa = PBXResourcesBuildPhase;
			buildActionMask = 2147483647;
			files = (
			);
			runOnlyForDeploymentPostprocessing = 0;
		};
/* End PBXResourcesBuildPhase section */

/* Begin PBXSourcesBuildPhase section */
		3924E0411B78973300A5C702 /* Sources */ = {
			isa = PBXSourcesBuildPhase;
			buildActionMask = 2147483647;
			files = (
				3924E0511B78973300A5C702 /* ViewController.m in Sources */,
				3924E04E1B78973300A5C702 /* AppDelegate.m in Sources */,
				3924E04B1B78973300A5C702 /* main.m in Sources */,
			);
			runOnlyForDeploymentPostprocessing = 0;
		};
		3924E05A1B78973300A5C702 /* Sources */ = {
			isa = PBXSourcesBuildPhase;
			buildActionMask = 2147483647;
			files = (
				3924E0651B78973300A5C702 /* TestTouchTests.m in Sources */,
			);
			runOnlyForDeploymentPostprocessing = 0;
		};
/* End PBXSourcesBuildPhase section */

/* Begin PBXTargetDependency section */
		3924E0601B78973300A5C702 /* PBXTargetDependency */ = {
			isa = PBXTargetDependency;
			target = 3924E0441B78973300A5C702 /* TestTouch */;
			targetProxy = 3924E05F1B78973300A5C702 /* PBXContainerItemProxy */;
		};
/* End PBXTargetDependency section */

/* Begin PBXVariantGroup section */
		3924E0521B78973300A5C702 /* Main.storyboard */ = {
			isa = PBXVariantGroup;
			children = (
				3924E0531B78973300A5C702 /* Base */,
			);
			name = Main.storyboard;
			sourceTree = "<group>";
		};
		3924E0571B78973300A5C702 /* LaunchScreen.xib */ = {
			isa = PBXVariantGroup;
			children = (
				3924E0581B78973300A5C702 /* Base */,
			);
			name = LaunchScreen.xib;
			sourceTree = "<group>";
		};
/* End PBXVariantGroup section */

/* Begin XCBuildConfiguration section */
		3924E0661B78973300A5C702 /* Debug */ = {
			isa = XCBuildConfiguration;
			buildSettings = {
				ALWAYS_SEARCH_USER_PATHS = NO;
				CLANG_CXX_LANGUAGE_STANDARD = "gnu++0x";
				CLANG_CXX_LIBRARY = "libc++";
				CLANG_ENABLE_MODULES = YES;
				CLANG_ENABLE_OBJC_ARC = YES;
				CLANG_WARN_BOOL_CONVERSION = YES;
				CLANG_WARN_CONSTANT_CONVERSION = YES;
				CLANG_WARN_DIRECT_OBJC_ISA_USAGE = YES_ERROR;
				CLANG_WARN_EMPTY_BODY = YES;
				CLANG_WARN_ENUM_CONVERSION = YES;
				CLANG_WARN_INT_CONVERSION = YES;
				CLANG_WARN_OBJC_ROOT_CLASS = YES_ERROR;
				CLANG_WARN_UNREACHABLE_CODE = YES;
				CLANG_WARN__DUPLICATE_METHOD_MATCH = YES;
				"CODE_SIGN_IDENTITY[sdk=iphoneos*]" = "iPhone Developer";
				COPY_PHASE_STRIP = NO;
				DEBUG_INFORMATION_FORMAT = "dwarf-with-dsym";
				ENABLE_STRICT_OBJC_MSGSEND = YES;
				GCC_C_LANGUAGE_STANDARD = gnu99;
				GCC_DYNAMIC_NO_PIC = NO;
				GCC_NO_COMMON_BLOCKS = YES;
				GCC_OPTIMIZATION_LEVEL = 0;
				GCC_PREPROCESSOR_DEFINITIONS = (
					"DEBUG=1",
					"$(inherited)",
				);
				GCC_SYMBOLS_PRIVATE_EXTERN = NO;
				GCC_WARN_64_TO_32_BIT_CONVERSION = YES;
				GCC_WARN_ABOUT_RETURN_TYPE = YES_ERROR;
				GCC_WARN_UNDECLARED_SELECTOR = YES;
				GCC_WARN_UNINITIALIZED_AUTOS = YES_AGGRESSIVE;
				GCC_WARN_UNUSED_FUNCTION = YES;
				GCC_WARN_UNUSED_VARIABLE = YES;
				IPHONEOS_DEPLOYMENT_TARGET = 8.4;
				MTL_ENABLE_DEBUG_INFO = YES;
				ONLY_ACTIVE_ARCH = YES;
				SDKROOT = iphoneos;
			};
			name = Debug;
		};
		3924E0671B78973300A5C702 /* Release */ = {
			isa = XCBuildConfiguration;
			buildSettings = {
				ALWAYS_SEARCH_USER_PATHS = NO;
				CLANG_CXX_LANGUAGE_STANDARD = "gnu++0x";
				CLANG_CXX_LIBRARY = "libc++";
				CLANG_ENABLE_MODULES = YES;
				CLANG_ENABLE_OBJC_ARC = YES;
				CLANG_WARN_BOOL_CONVERSION = YES;
				CLANG_WARN_CONSTANT_CONVERSION = YES;
				CLANG_WARN_DIRECT_OBJC_ISA_USAGE = YES_ERROR;
				CLANG_WARN_EMPTY_BODY = YES;
				CLANG_WARN_ENUM_CONVERSION = YES;
				CLANG_WARN_INT_CONVERSION = YES;
				CLANG_WARN_OBJC_ROOT_CLASS = YES_ERROR;
				CLANG_WARN_UNREACHABLE_CODE = YES;
				CLANG_WARN__DUPLICATE_METHOD_MATCH = YES;
				"CODE_SIGN_IDENTITY[sdk=iphoneos*]" = "iPhone Developer";
				COPY_PHASE_STRIP = NO;
				DEBUG_INFORMATION_FORMAT = "dwarf-with-dsym";
				ENABLE_NS_ASSERTIONS = NO;
				ENABLE_STRICT_OBJC_MSGSEND = YES;
				GCC_C_LANGUAGE_STANDARD = gnu99;
				GCC_NO_COMMON_BLOCKS = YES;
				GCC_WARN_64_TO_32_BIT_CONVERSION = YES;
				GCC_WARN_ABOUT_RETURN_TYPE = YES_ERROR;
				GCC_WARN_UNDECLARED_SELECTOR = YES;
				GCC_WARN_UNINITIALIZED_AUTOS = YES_AGGRESSIVE;
				GCC_WARN_UNUSED_FUNCTION = YES;
				GCC_WARN_UNUSED_VARIABLE = YES;
				IPHONEOS_DEPLOYMENT_TARGET = 8.4;
				MTL_ENABLE_DEBUG_INFO = NO;
				SDKROOT = iphoneos;
				VALIDATE_PRODUCT = YES;
			};
			name = Release;
		};
		3924E0691B78973300A5C702 /* Debug */ = {
			isa = XCBuildConfiguration;
			buildSettings = {
				ASSETCATALOG_COMPILER_APPICON_NAME = AppIcon;
				INFOPLIST_FILE = TestTouch/Info.plist;
				LD_RUNPATH_SEARCH_PATHS = "$(inherited) @executable_path/Frameworks";
				PRODUCT_NAME = "$(TARGET_NAME)";
			};
			name = Debug;
		};
		3924E06A1B78973300A5C702 /* Release */ = {
			isa = XCBuildConfiguration;
			buildSettings = {
				ASSETCATALOG_COMPILER_APPICON_NAME = AppIcon;
				INFOPLIST_FILE = TestTouch/Info.plist;
				LD_RUNPATH_SEARCH_PATHS = "$(inherited) @executable_path/Frameworks";
				PRODUCT_NAME = "$(TARGET_NAME)";
			};
			name = Release;
		};
		3924E06C1B78973300A5C702 /* Debug */ = {
			isa = XCBuildConfiguration;
			buildSettings = {
				BUNDLE_LOADER = "$(TEST_HOST)";
				FRAMEWORK_SEARCH_PATHS = (
					"$(SDKROOT)/Developer/Library/Frameworks",
					"$(inherited)",
				);
				GCC_PREPROCESSOR_DEFINITIONS = (
					"DEBUG=1",
					"$(inherited)",
				);
				INFOPLIST_FILE = TestTouchTests/Info.plist;
				LD_RUNPATH_SEARCH_PATHS = "$(inherited) @executable_path/Frameworks @loader_path/Frameworks";
				PRODUCT_NAME = "$(TARGET_NAME)";
				TEST_HOST = "$(BUILT_PRODUCTS_DIR)/TestTouch.app/TestTouch";
			};
			name = Debug;
		};
		3924E06D1B78973300A5C702 /* Release */ = {
			isa = XCBuildConfiguration;
			buildSettings = {
				BUNDLE_LOADER = "$(TEST_HOST)";
				FRAMEWORK_SEARCH_PATHS = (
					"$(SDKROOT)/Developer/Library/Frameworks",
					"$(inherited)",
				);
				INFOPLIST_FILE = TestTouchTests/Info.plist;
				LD_RUNPATH_SEARCH_PATHS = "$(inherited) @executable_path/Frameworks @loader_path/Frameworks";
				PRODUCT_NAME = "$(TARGET_NAME)";
				TEST_HOST = "$(BUILT_PRODUCTS_DIR)/TestTouch.app/TestTouch";
			};
			name = Release;
		};
/* End XCBuildConfiguration section */

/* Begin XCConfigurationList section */
		3924E0401B78973300A5C702 /* Build configuration list for PBXProject "TestTouch" */ = {
			isa = XCConfigurationList;
			buildConfigurations = (
				3924E0661B78973300A5C702 /* Debug */,
				3924E0671B78973300A5C702 /* Release */,
			);
			defaultConfigurationIsVisible = 0;
			defaultConfigurationName = Release;
		};
		3924E0681B78973300A5C702 /* Build configuration list for PBXNativeTarget "TestTouch" */ = {
			isa = XCConfigurationList;
			buildConfigurations = (
				3924E0691B78973300A5C702 /* Debug */,
				3924E06A1B78973300A5C702 /* Release */,
			);
			defaultConfigurationIsVisible = 0;
		};
		3924E06B1B78973300A5C702 /* Build configuration list for PBXNativeTarget "TestTouchTests" */ = {
			isa = XCConfigurationList;
			buildConfigurations = (
				3924E06C1B78973300A5C702 /* Debug */,
				3924E06D1B78973300A5C702 /* Release */,
			);
			defaultConfigurationIsVisible = 0;
		};
/* End XCConfigurationList section */
	};
	rootObject = 3924E03D1B78973300A5C702 /* Project object */;
}
