// !$*UTF8*$!
{
	archiveVersion = 1;
	classes = {
	};
	objectVersion = 46;
	objects = {

/* Begin PBXBuildFile section */
		39ECC88B1B735B2000A3326A /* main.m in Sources */ = {isa = PBXBuildFile; fileRef = 39ECC88A1B735B2000A3326A /* main.m */; };
		39ECC88E1B735B2000A3326A /* AppDelegate.m in Sources */ = {isa = PBXBuildFile; fileRef = 39ECC88D1B735B2000A3326A /* AppDelegate.m */; };
		39ECC8961B735B2000A3326A /* Images.xcassets in Resources */ = {isa = PBXBuildFile; fileRef = 39ECC8951B735B2000A3326A /* Images.xcassets */; };
		39ECC8A51B735B2000A3326A /* ModalWindowDemoTests.m in Sources */ = {isa = PBXBuildFile; fileRef = 39ECC8A41B735B2000A3326A /* ModalWindowDemoTests.m */; };
		39ECC8B01B735B7400A3326A /* KCLoginViewController.m in Sources */ = {isa = PBXBuildFile; fileRef = 39ECC8AF1B735B7400A3326A /* KCLoginViewController.m */; };
		39ECC8B61B735F7C00A3326A /* ViewController.m in Sources */ = {isa = PBXBuildFile; fileRef = 39ECC8B51B735F7C00A3326A /* ViewController.m */; };
		39ECC8B91B7360CB00A3326A /* KCMainViewController.m in Sources */ = {isa = PBXBuildFile; fileRef = 39ECC8B81B7360CB00A3326A /* KCMainViewController.m */; };
		39ECC8BC1B748B2C00A3326A /* KCMeViewController.m in Sources */ = {isa = PBXBuildFile; fileRef = 39ECC8BB1B748B2C00A3326A /* KCMeViewController.m */; };
/* End PBXBuildFile section */

/* Begin PBXContainerItemProxy section */
		39ECC89F1B735B2000A3326A /* PBXContainerItemProxy */ = {
			isa = PBXContainerItemProxy;
			containerPortal = 39ECC87D1B735B2000A3326A /* Project object */;
			proxyType = 1;
			remoteGlobalIDString = 39ECC8841B735B2000A3326A;
			remoteInfo = ModalWindowDemo;
		};
/* End PBXContainerItemProxy section */

/* Begin PBXFileReference section */
		39ECC8851B735B2000A3326A /* ModalWindowDemo.app */ = {isa = PBXFileReference; explicitFileType = wrapper.application; includeInIndex = 0; path = ModalWindowDemo.app; sourceTree = BUILT_PRODUCTS_DIR; };
		39ECC8891B735B2000A3326A /* Info.plist */ = {isa = PBXFileReference; lastKnownFileType = text.plist.xml; path = Info.plist; sourceTree = "<group>"; };
		39ECC88A1B735B2000A3326A /* main.m */ = {isa = PBXFileReference; lastKnownFileType = sourcecode.c.objc; path = main.m; sourceTree = "<group>"; };
		39ECC88C1B735B2000A3326A /* AppDelegate.h */ = {isa = PBXFileReference; lastKnownFileType = sourcecode.c.h; path = AppDelegate.h; sourceTree = "<group>"; };
		39ECC88D1B735B2000A3326A /* AppDelegate.m */ = {isa = PBXFileReference; lastKnownFileType = sourcecode.c.objc; path = AppDelegate.m; sourceTree = "<group>"; };
		39ECC8951B735B2000A3326A /* Images.xcassets */ = {isa = PBXFileReference; lastKnownFileType = folder.assetcatalog; path = Images.xcassets; sourceTree = "<group>"; };
		39ECC89E1B735B2000A3326A /* ModalWindowDemoTests.xctest */ = {isa = PBXFileReference; explicitFileType = wrapper.cfbundle; includeInIndex = 0; path = ModalWindowDemoTests.xctest; sourceTree = BUILT_PRODUCTS_DIR; };
		39ECC8A31B735B2000A3326A /* Info.plist */ = {isa = PBXFileReference; lastKnownFileType = text.plist.xml; path = Info.plist; sourceTree = "<group>"; };
		39ECC8A41B735B2000A3326A /* ModalWindowDemoTests.m */ = {isa = PBXFileReference; lastKnownFileType = sourcecode.c.objc; path = ModalWindowDemoTests.m; sourceTree = "<group>"; };
		39ECC8AE1B735B7400A3326A /* KCLoginViewController.h */ = {isa = PBXFileReference; fileEncoding = 4; lastKnownFileType = sourcecode.c.h; path = KCLoginViewController.h; sourceTree = "<group>"; };
		39ECC8AF1B735B7400A3326A /* KCLoginViewController.m */ = {isa = PBXFileReference; fileEncoding = 4; lastKnownFileType = sourcecode.c.objc; path = KCLoginViewController.m; sourceTree = "<group>"; };
		39ECC8B41B735F7C00A3326A /* ViewController.h */ = {isa = PBXFileReference; fileEncoding = 4; lastKnownFileType = sourcecode.c.h; name = ViewController.h; path = ../ViewController.h; sourceTree = "<group>"; };
		39ECC8B51B735F7C00A3326A /* ViewController.m */ = {isa = PBXFileReference; fileEncoding = 4; lastKnownFileType = sourcecode.c.objc; name = ViewController.m; path = ../ViewController.m; sourceTree = "<group>"; };
		39ECC8B71B7360CB00A3326A /* KCMainViewController.h */ = {isa = PBXFileReference; fileEncoding = 4; lastKnownFileType = sourcecode.c.h; path = KCMainViewController.h; sourceTree = "<group>"; };
		39ECC8B81B7360CB00A3326A /* KCMainViewController.m */ = {isa = PBXFileReference; fileEncoding = 4; lastKnownFileType = sourcecode.c.objc; path = KCMainViewController.m; sourceTree = "<group>"; };
		39ECC8BA1B748B2C00A3326A /* KCMeViewController.h */ = {isa = PBXFileReference; fileEncoding = 4; lastKnownFileType = sourcecode.c.h; path = KCMeViewController.h; sourceTree = "<group>"; };
		39ECC8BB1B748B2C00A3326A /* KCMeViewController.m */ = {isa = PBXFileReference; fileEncoding = 4; lastKnownFileType = sourcecode.c.objc; path = KCMeViewController.m; sourceTree = "<group>"; };
/* End PBXFileReference section */

/* Begin PBXFrameworksBuildPhase section */
		39ECC8821B735B2000A3326A /* Frameworks */ = {
			isa = PBXFrameworksBuildPhase;
			buildActionMask = 2147483647;
			files = (
			);
			runOnlyForDeploymentPostprocessing = 0;
		};
		39ECC89B1B735B2000A3326A /* Frameworks */ = {
			isa = PBXFrameworksBuildPhase;
			buildActionMask = 2147483647;
			files = (
			);
			runOnlyForDeploymentPostprocessing = 0;
		};
/* End PBXFrameworksBuildPhase section */

/* Begin PBXGroup section */
		39ECC87C1B735B2000A3326A = {
			isa = PBXGroup;
			children = (
				39ECC8871B735B2000A3326A /* ModalWindowDemo */,
				39ECC8A11B735B2000A3326A /* ModalWindowDemoTests */,
				39ECC8861B735B2000A3326A /* Products */,
			);
			sourceTree = "<group>";
		};
		39ECC8861B735B2000A3326A /* Products */ = {
			isa = PBXGroup;
			children = (
				39ECC8851B735B2000A3326A /* ModalWindowDemo.app */,
				39ECC89E1B735B2000A3326A /* ModalWindowDemoTests.xctest */,
			);
			name = Products;
			sourceTree = "<group>";
		};
		39ECC8871B735B2000A3326A /* ModalWindowDemo */ = {
			isa = PBXGroup;
			children = (
				39ECC88C1B735B2000A3326A /* AppDelegate.h */,
				39ECC88D1B735B2000A3326A /* AppDelegate.m */,
				39ECC8B41B735F7C00A3326A /* ViewController.h */,
				39ECC8B51B735F7C00A3326A /* ViewController.m */,
				39ECC8951B735B2000A3326A /* Images.xcassets */,
				39ECC8881B735B2000A3326A /* Supporting Files */,
				39ECC8AE1B735B7400A3326A /* KCLoginViewController.h */,
				39ECC8AF1B735B7400A3326A /* KCLoginViewController.m */,
				39ECC8B71B7360CB00A3326A /* KCMainViewController.h */,
				39ECC8B81B7360CB00A3326A /* KCMainViewController.m */,
				39ECC8BA1B748B2C00A3326A /* KCMeViewController.h */,
				39ECC8BB1B748B2C00A3326A /* KCMeViewController.m */,
			);
			path = ModalWindowDemo;
			sourceTree = "<group>";
		};
		39ECC8881B735B2000A3326A /* Supporting Files */ = {
			isa = PBXGroup;
			children = (
				39ECC8891B735B2000A3326A /* Info.plist */,
				39ECC88A1B735B2000A3326A /* main.m */,
			);
			name = "Supporting Files";
			sourceTree = "<group>";
		};
		39ECC8A11B735B2000A3326A /* ModalWindowDemoTests */ = {
			isa = PBXGroup;
			children = (
				39ECC8A41B735B2000A3326A /* ModalWindowDemoTests.m */,
				39ECC8A21B735B2000A3326A /* Supporting Files */,
			);
			path = ModalWindowDemoTests;
			sourceTree = "<group>";
		};
		39ECC8A21B735B2000A3326A /* Supporting Files */ = {
			isa = PBXGroup;
			children = (
				39ECC8A31B735B2000A3326A /* Info.plist */,
			);
			name = "Supporting Files";
			sourceTree = "<group>";
		};
/* End PBXGroup section */

/* Begin PBXNativeTarget section */
		39ECC8841B735B2000A3326A /* ModalWindowDemo */ = {
			isa = PBXNativeTarget;
			buildConfigurationList = 39ECC8A81B735B2000A3326A /* Build configuration list for PBXNativeTarget "ModalWindowDemo" */;
			buildPhases = (
				39ECC8811B735B2000A3326A /* Sources */,
				39ECC8821B735B2000A3326A /* Frameworks */,
				39ECC8831B735B2000A3326A /* Resources */,
			);
			buildRules = (
			);
			dependencies = (
			);
			name = ModalWindowDemo;
			productName = ModalWindowDemo;
			productReference = 39ECC8851B735B2000A3326A /* ModalWindowDemo.app */;
			productType = "com.apple.product-type.application";
		};
		39ECC89D1B735B2000A3326A /* ModalWindowDemoTests */ = {
			isa = PBXNativeTarget;
			buildConfigurationList = 39ECC8AB1B735B2000A3326A /* Build configuration list for PBXNativeTarget "ModalWindowDemoTests" */;
			buildPhases = (
				39ECC89A1B735B2000A3326A /* Sources */,
				39ECC89B1B735B2000A3326A /* Frameworks */,
				39ECC89C1B735B2000A3326A /* Resources */,
			);
			buildRules = (
			);
			dependencies = (
				39ECC8A01B735B2000A3326A /* PBXTargetDependency */,
			);
			name = ModalWindowDemoTests;
			productName = ModalWindowDemoTests;
			productReference = 39ECC89E1B735B2000A3326A /* ModalWindowDemoTests.xctest */;
			productType = "com.apple.product-type.bundle.unit-test";
		};
/* End PBXNativeTarget section */

/* Begin PBXProject section */
		39ECC87D1B735B2000A3326A /* Project object */ = {
			isa = PBXProject;
			attributes = {
				LastUpgradeCheck = 0640;
				ORGANIZATIONNAME = TTS;
				TargetAttributes = {
					39ECC8841B735B2000A3326A = {
						CreatedOnToolsVersion = 6.4;
					};
					39ECC89D1B735B2000A3326A = {
						CreatedOnToolsVersion = 6.4;
						TestTargetID = 39ECC8841B735B2000A3326A;
					};
				};
			};
			buildConfigurationList = 39ECC8801B735B2000A3326A /* Build configuration list for PBXProject "ModalWindowDemo" */;
			compatibilityVersion = "Xcode 3.2";
			developmentRegion = English;
			hasScannedForEncodings = 0;
			knownRegions = (
				en,
				Base,
			);
			mainGroup = 39ECC87C1B735B2000A3326A;
			productRefGroup = 39ECC8861B735B2000A3326A /* Products */;
			projectDirPath = "";
			projectRoot = "";
			targets = (
				39ECC8841B735B2000A3326A /* ModalWindowDemo */,
				39ECC89D1B735B2000A3326A /* ModalWindowDemoTests */,
			);
		};
/* End PBXProject section */

/* Begin PBXResourcesBuildPhase section */
		39ECC8831B735B2000A3326A /* Resources */ = {
			isa = PBXResourcesBuildPhase;
			buildActionMask = 2147483647;
			files = (
				39ECC8961B735B2000A3326A /* Images.xcassets in Resources */,
			);
			runOnlyForDeploymentPostprocessing = 0;
		};
		39ECC89C1B735B2000A3326A /* Resources */ = {
			isa = PBXResourcesBuildPhase;
			buildActionMask = 2147483647;
			files = (
			);
			runOnlyForDeploymentPostprocessing = 0;
		};
/* End PBXResourcesBuildPhase section */

/* Begin PBXSourcesBuildPhase section */
		39ECC8811B735B2000A3326A /* Sources */ = {
			isa = PBXSourcesBuildPhase;
			buildActionMask = 2147483647;
			files = (
				39ECC8BC1B748B2C00A3326A /* KCMeViewController.m in Sources */,
				39ECC8B01B735B7400A3326A /* KCLoginViewController.m in Sources */,
				39ECC88E1B735B2000A3326A /* AppDelegate.m in Sources */,
				39ECC8B91B7360CB00A3326A /* KCMainViewController.m in Sources */,
				39ECC88B1B735B2000A3326A /* main.m in Sources */,
				39ECC8B61B735F7C00A3326A /* ViewController.m in Sources */,
			);
			runOnlyForDeploymentPostprocessing = 0;
		};
		39ECC89A1B735B2000A3326A /* Sources */ = {
			isa = PBXSourcesBuildPhase;
			buildActionMask = 2147483647;
			files = (
				39ECC8A51B735B2000A3326A /* ModalWindowDemoTests.m in Sources */,
			);
			runOnlyForDeploymentPostprocessing = 0;
		};
/* End PBXSourcesBuildPhase section */

/* Begin PBXTargetDependency section */
		39ECC8A01B735B2000A3326A /* PBXTargetDependency */ = {
			isa = PBXTargetDependency;
			target = 39ECC8841B735B2000A3326A /* ModalWindowDemo */;
			targetProxy = 39ECC89F1B735B2000A3326A /* PBXContainerItemProxy */;
		};
/* End PBXTargetDependency section */

/* Begin XCBuildConfiguration section */
		39ECC8A61B735B2000A3326A /* Debug */ = {
			isa = XCBuildConfiguration;
			buildSettings = {
				ALWAYS_SEARCH_USER_PATHS = NO;
				CLANG_CXX_LANGUAGE_STANDARD = "gnu++0x";
				CLANG_CXX_LIBRARY = "libc++";
				CLANG_ENABLE_MODULES = YES;
				CLANG_ENABLE_OBJC_ARC = YES;
				CLANG_WARN_BOOL_CONVERSION = YES;
				CLANG_WARN_CONSTANT_CONVERSION = YES;
				CLANG_WARN_DIRECT_OBJC_ISA_USAGE = YES_ERROR;
				CLANG_WARN_EMPTY_BODY = YES;
				CLANG_WARN_ENUM_CONVERSION = YES;
				CLANG_WARN_INT_CONVERSION = YES;
				CLANG_WARN_OBJC_ROOT_CLASS = YES_ERROR;
				CLANG_WARN_UNREACHABLE_CODE = YES;
				CLANG_WARN__DUPLICATE_METHOD_MATCH = YES;
				"CODE_SIGN_IDENTITY[sdk=iphoneos*]" = "iPhone Developer";
				COPY_PHASE_STRIP = NO;
				DEBUG_INFORMATION_FORMAT = "dwarf-with-dsym";
				ENABLE_STRICT_OBJC_MSGSEND = YES;
				GCC_C_LANGUAGE_STANDARD = gnu99;
				GCC_DYNAMIC_NO_PIC = NO;
				GCC_NO_COMMON_BLOCKS = YES;
				GCC_OPTIMIZATION_LEVEL = 0;
				GCC_PREPROCESSOR_DEFINITIONS = (
					"DEBUG=1",
					"$(inherited)",
				);
				GCC_SYMBOLS_PRIVATE_EXTERN = NO;
				GCC_WARN_64_TO_32_BIT_CONVERSION = YES;
				GCC_WARN_ABOUT_RETURN_TYPE = YES_ERROR;
				GCC_WARN_UNDECLARED_SELECTOR = YES;
				GCC_WARN_UNINITIALIZED_AUTOS = YES_AGGRESSIVE;
				GCC_WARN_UNUSED_FUNCTION = YES;
				GCC_WARN_UNUSED_VARIABLE = YES;
				IPHONEOS_DEPLOYMENT_TARGET = 8.4;
				MTL_ENABLE_DEBUG_INFO = YES;
				ONLY_ACTIVE_ARCH = YES;
				SDKROOT = iphoneos;
				TARGETED_DEVICE_FAMILY = "1,2";
			};
			name = Debug;
		};
		39ECC8A71B735B2000A3326A /* Release */ = {
			isa = XCBuildConfiguration;
			buildSettings = {
				ALWAYS_SEARCH_USER_PATHS = NO;
				CLANG_CXX_LANGUAGE_STANDARD = "gnu++0x";
				CLANG_CXX_LIBRARY = "libc++";
				CLANG_ENABLE_MODULES = YES;
				CLANG_ENABLE_OBJC_ARC = YES;
				CLANG_WARN_BOOL_CONVERSION = YES;
				CLANG_WARN_CONSTANT_CONVERSION = YES;
				CLANG_WARN_DIRECT_OBJC_ISA_USAGE = YES_ERROR;
				CLANG_WARN_EMPTY_BODY = YES;
				CLANG_WARN_ENUM_CONVERSION = YES;
				CLANG_WARN_INT_CONVERSION = YES;
				CLANG_WARN_OBJC_ROOT_CLASS = YES_ERROR;
				CLANG_WARN_UNREACHABLE_CODE = YES;
				CLANG_WARN__DUPLICATE_METHOD_MATCH = YES;
				"CODE_SIGN_IDENTITY[sdk=iphoneos*]" = "iPhone Developer";
				COPY_PHASE_STRIP = NO;
				DEBUG_INFORMATION_FORMAT = "dwarf-with-dsym";
				ENABLE_NS_ASSERTIONS = NO;
				ENABLE_STRICT_OBJC_MSGSEND = YES;
				GCC_C_LANGUAGE_STANDARD = gnu99;
				GCC_NO_COMMON_BLOCKS = YES;
				GCC_WARN_64_TO_32_BIT_CONVERSION = YES;
				GCC_WARN_ABOUT_RETURN_TYPE = YES_ERROR;
				GCC_WARN_UNDECLARED_SELECTOR = YES;
				GCC_WARN_UNINITIALIZED_AUTOS = YES_AGGRESSIVE;
				GCC_WARN_UNUSED_FUNCTION = YES;
				GCC_WARN_UNUSED_VARIABLE = YES;
				IPHONEOS_DEPLOYMENT_TARGET = 8.4;
				MTL_ENABLE_DEBUG_INFO = NO;
				SDKROOT = iphoneos;
				TARGETED_DEVICE_FAMILY = "1,2";
				VALIDATE_PRODUCT = YES;
			};
			name = Release;
		};
		39ECC8A91B735B2000A3326A /* Debug */ = {
			isa = XCBuildConfiguration;
			buildSettings = {
				ASSETCATALOG_COMPILER_APPICON_NAME = AppIcon;
				ASSETCATALOG_COMPILER_LAUNCHIMAGE_NAME = LaunchImage;
				INFOPLIST_FILE = ModalWindowDemo/Info.plist;
				LD_RUNPATH_SEARCH_PATHS = "$(inherited) @executable_path/Frameworks";
				PRODUCT_NAME = "$(TARGET_NAME)";
			};
			name = Debug;
		};
		39ECC8AA1B735B2000A3326A /* Release */ = {
			isa = XCBuildConfiguration;
			buildSettings = {
				ASSETCATALOG_COMPILER_APPICON_NAME = AppIcon;
				ASSETCATALOG_COMPILER_LAUNCHIMAGE_NAME = LaunchImage;
				INFOPLIST_FILE = ModalWindowDemo/Info.plist;
				LD_RUNPATH_SEARCH_PATHS = "$(inherited) @executable_path/Frameworks";
				PRODUCT_NAME = "$(TARGET_NAME)";
			};
			name = Release;
		};
		39ECC8AC1B735B2000A3326A /* Debug */ = {
			isa = XCBuildConfiguration;
			buildSettings = {
				BUNDLE_LOADER = "$(TEST_HOST)";
				FRAMEWORK_SEARCH_PATHS = (
					"$(SDKROOT)/Developer/Library/Frameworks",
					"$(inherited)",
				);
				GCC_PREPROCESSOR_DEFINITIONS = (
					"DEBUG=1",
					"$(inherited)",
				);
				INFOPLIST_FILE = ModalWindowDemoTests/Info.plist;
				LD_RUNPATH_SEARCH_PATHS = "$(inherited) @executable_path/Frameworks @loader_path/Frameworks";
				PRODUCT_NAME = "$(TARGET_NAME)";
				TEST_HOST = "$(BUILT_PRODUCTS_DIR)/ModalWindowDemo.app/ModalWindowDemo";
			};
			name = Debug;
		};
		39ECC8AD1B735B2000A3326A /* Release */ = {
			isa = XCBuildConfiguration;
			buildSettings = {
				BUNDLE_LOADER = "$(TEST_HOST)";
				FRAMEWORK_SEARCH_PATHS = (
					"$(SDKROOT)/Developer/Library/Frameworks",
					"$(inherited)",
				);
				INFOPLIST_FILE = ModalWindowDemoTests/Info.plist;
				LD_RUNPATH_SEARCH_PATHS = "$(inherited) @executable_path/Frameworks @loader_path/Frameworks";
				PRODUCT_NAME = "$(TARGET_NAME)";
				TEST_HOST = "$(BUILT_PRODUCTS_DIR)/ModalWindowDemo.app/ModalWindowDemo";
			};
			name = Release;
		};
/* End XCBuildConfiguration section */

/* Begin XCConfigurationList section */
		39ECC8801B735B2000A3326A /* Build configuration list for PBXProject "ModalWindowDemo" */ = {
			isa = XCConfigurationList;
			buildConfigurations = (
				39ECC8A61B735B2000A3326A /* Debug */,
				39ECC8A71B735B2000A3326A /* Release */,
			);
			defaultConfigurationIsVisible = 0;
			defaultConfigurationName = Release;
		};
		39ECC8A81B735B2000A3326A /* Build configuration list for PBXNativeTarget "ModalWindowDemo" */ = {
			isa = XCConfigurationList;
			buildConfigurations = (
				39ECC8A91B735B2000A3326A /* Debug */,
				39ECC8AA1B735B2000A3326A /* Release */,
			);
			defaultConfigurationIsVisible = 0;
			defaultConfigurationName = Release;
		};
		39ECC8AB1B735B2000A3326A /* Build configuration list for PBXNativeTarget "ModalWindowDemoTests" */ = {
			isa = XCConfigurationList;
			buildConfigurations = (
				39ECC8AC1B735B2000A3326A /* Debug */,
				39ECC8AD1B735B2000A3326A /* Release */,
			);
			defaultConfigurationIsVisible = 0;
			defaultConfigurationName = Release;
		};
/* End XCConfigurationList section */
	};
	rootObject = 39ECC87D1B735B2000A3326A /* Project object */;
}
